// !$*UTF8*$!
{
	archiveVersion = 1;
	classes = {
	};
	objectVersion = 51;
	objects = {

/* Begin PBXBuildFile section */
		272325922260C92000BB6924 /* BackgroundManager.swift in Sources */ = {isa = PBXBuildFile; fileRef = 272325912260C92000BB6924 /* BackgroundManager.swift */; };
		360EC41E9D53E4791E09F0D7 /* Pods_Self.framework in Frameworks */ = {isa = PBXBuildFile; fileRef = 133C9E098A01664EBB5E301E /* Pods_Self.framework */; };
		7D10F5DD226DCF760063CEB8 /* TextFieldWithLabel.swift in Sources */ = {isa = PBXBuildFile; fileRef = 7D10F5DC226DCF760063CEB8 /* TextFieldWithLabel.swift */; };
		7D10F5DF226DDC700063CEB8 /* UIView+TapGestureRecogniser-Extension.swift in Sources */ = {isa = PBXBuildFile; fileRef = 7D10F5DE226DDC700063CEB8 /* UIView+TapGestureRecogniser-Extension.swift */; };
		7D10F5E1226DEEC50063CEB8 /* UIView+Shake-Extension.swift in Sources */ = {isa = PBXBuildFile; fileRef = 7D10F5E0226DEEC50063CEB8 /* UIView+Shake-Extension.swift */; };
		7D10F5E3226DF2E70063CEB8 /* String+Trim-Extension.swift in Sources */ = {isa = PBXBuildFile; fileRef = 7D10F5E2226DF2E70063CEB8 /* String+Trim-Extension.swift */; };
		7D10F5E5226E5F590063CEB8 /* LoggingMood-ScreenSliderViewController.swift in Sources */ = {isa = PBXBuildFile; fileRef = 7D10F5E4226E5F590063CEB8 /* LoggingMood-ScreenSliderViewController.swift */; };
		7D10F5E7226E5FAE0063CEB8 /* Detail_LoggingMood-ViewController.swift in Sources */ = {isa = PBXBuildFile; fileRef = 7D10F5E6226E5FAE0063CEB8 /* Detail_LoggingMood-ViewController.swift */; };
		7D10F5E9226E60120063CEB8 /* Mood_LoggingMood-ViewController.swift in Sources */ = {isa = PBXBuildFile; fileRef = 7D10F5E8226E60120063CEB8 /* Mood_LoggingMood-ViewController.swift */; };
		7D10F5EB226E8C6A0063CEB8 /* Wildcard_LoggingMood-ViewController.swift in Sources */ = {isa = PBXBuildFile; fileRef = 7D10F5EA226E8C6A0063CEB8 /* Wildcard_LoggingMood-ViewController.swift */; };
		7D10F5ED226E8D9D0063CEB8 /* Overview_LoggingMood-ViewController.swift in Sources */ = {isa = PBXBuildFile; fileRef = 7D10F5EC226E8D9D0063CEB8 /* Overview_LoggingMood-ViewController.swift */; };
		7D187F122258D1A000A9E9AE /* ActionView.swift in Sources */ = {isa = PBXBuildFile; fileRef = 7D187F112258D1A000A9E9AE /* ActionView.swift */; };
		7D47AC68225FD380004BF898 /* Button.swift in Sources */ = {isa = PBXBuildFile; fileRef = 7D47AC67225FD380004BF898 /* Button.swift */; };
		7D47AC6F22600DCF004BF898 /* Textfield.swift in Sources */ = {isa = PBXBuildFile; fileRef = 7D47AC6E22600DCF004BF898 /* Textfield.swift */; };
		7D47AC7122601349004BF898 /* ViewController.swift in Sources */ = {isa = PBXBuildFile; fileRef = 7D47AC7022601349004BF898 /* ViewController.swift */; };
		7D6B745D2260286C006F9CD1 /* FinishCreatingAccountViewController.swift in Sources */ = {isa = PBXBuildFile; fileRef = 7D6B745C2260286C006F9CD1 /* FinishCreatingAccountViewController.swift */; };
		7D6B745F226028B5006F9CD1 /* Name_Onboarding-ViewController.swift in Sources */ = {isa = PBXBuildFile; fileRef = 7D6B745E226028B5006F9CD1 /* Name_Onboarding-ViewController.swift */; };
		7D6B746122602C56006F9CD1 /* Induction_Onboarding-ViewController.swift in Sources */ = {isa = PBXBuildFile; fileRef = 7D6B746022602C56006F9CD1 /* Induction_Onboarding-ViewController.swift */; };
		7D6B7463226030C0006F9CD1 /* ScreenSliderViewController.swift in Sources */ = {isa = PBXBuildFile; fileRef = 7D6B7462226030C0006F9CD1 /* ScreenSliderViewController.swift */; };
		7D7758CF225D872F003CCD1F /* FeedManager.swift in Sources */ = {isa = PBXBuildFile; fileRef = 7D7758CE225D872F003CCD1F /* FeedManager.swift */; };
		7D7758D1225D8764003CCD1F /* HighlightManager.swift in Sources */ = {isa = PBXBuildFile; fileRef = 7D7758D0225D8764003CCD1F /* HighlightManager.swift */; };
		7D7758D3225D878A003CCD1F /* InsightManager.swift in Sources */ = {isa = PBXBuildFile; fileRef = 7D7758D2225D878A003CCD1F /* InsightManager.swift */; };
		7D7758D5225D87B0003CCD1F /* Actions.swift in Sources */ = {isa = PBXBuildFile; fileRef = 7D7758D4225D87B0003CCD1F /* Actions.swift */; };
		7D8E4321227E5B2000243139 /* Mood.swift in Sources */ = {isa = PBXBuildFile; fileRef = 7D8E4320227E5B2000243139 /* Mood.swift */; };
		7D8E4323227E5D0100243139 /* Feed.swift in Sources */ = {isa = PBXBuildFile; fileRef = 7D8E4322227E5D0100243139 /* Feed.swift */; };
		7D8E4325227E5EF300243139 /* Sentiment.swift in Sources */ = {isa = PBXBuildFile; fileRef = 7D8E4324227E5EF300243139 /* Sentiment.swift */; };
		7D8E4329227E62E700243139 /* HighlightLog.swift in Sources */ = {isa = PBXBuildFile; fileRef = 7D8E4328227E62E700243139 /* HighlightLog.swift */; };
		7D8E432B227E803600243139 /* FeedStatus.swift in Sources */ = {isa = PBXBuildFile; fileRef = 7D8E432A227E803600243139 /* FeedStatus.swift */; };
		7D8E432D227E852D00243139 /* ActionInfo.swift in Sources */ = {isa = PBXBuildFile; fileRef = 7D8E432C227E852D00243139 /* ActionInfo.swift */; };
		7D8E432F227E971900243139 /* ActionsUserLogs.swift in Sources */ = {isa = PBXBuildFile; fileRef = 7D8E432E227E971900243139 /* ActionsUserLogs.swift */; };
		7DD6CBEA226630D200F47E63 /* MoodWildcard.swift in Sources */ = {isa = PBXBuildFile; fileRef = 7DD6CBE9226630D200F47E63 /* MoodWildcard.swift */; };
		7DD6CBF222663B0900F47E63 /* EmotionManager.swift in Sources */ = {isa = PBXBuildFile; fileRef = 7DD6CBF122663B0900F47E63 /* EmotionManager.swift */; };
		7DD6CBFE2266B50300F47E63 /* Help.swift in Sources */ = {isa = PBXBuildFile; fileRef = 7DD6CBFD2266B50300F47E63 /* Help.swift */; };
		7DD6CC002266B51D00F47E63 /* TagViewController.swift in Sources */ = {isa = PBXBuildFile; fileRef = 7DD6CBFF2266B51D00F47E63 /* TagViewController.swift */; };
		7DD6CC042266B6C200F47E63 /* CommunityManager.swift in Sources */ = {isa = PBXBuildFile; fileRef = 7DD6CC032266B6C200F47E63 /* CommunityManager.swift */; };
		7DD6CC062266B6CF00F47E63 /* Community.swift in Sources */ = {isa = PBXBuildFile; fileRef = 7DD6CC052266B6CF00F47E63 /* Community.swift */; };
		7DD6CC082266B6F300F47E63 /* CommunityViewController.swift in Sources */ = {isa = PBXBuildFile; fileRef = 7DD6CC072266B6F300F47E63 /* CommunityViewController.swift */; };
		7DD6CC0A2266B71500F47E63 /* FindCommunityViewController.swift in Sources */ = {isa = PBXBuildFile; fileRef = 7DD6CC092266B71500F47E63 /* FindCommunityViewController.swift */; };
		7DD6CC0E2266B97D00F47E63 /* Buttons.swift in Sources */ = {isa = PBXBuildFile; fileRef = 7DD6CC0D2266B97D00F47E63 /* Buttons.swift */; };
		7DD6CC102266C02900F47E63 /* HighlightCell.swift in Sources */ = {isa = PBXBuildFile; fileRef = 7DD6CC0F2266C02900F47E63 /* HighlightCell.swift */; };
		7DD6CC1222672E1B00F47E63 /* Loading-Protocol.swift in Sources */ = {isa = PBXBuildFile; fileRef = 7DD6CC1122672E1B00F47E63 /* Loading-Protocol.swift */; };
		7DD6CC1422672E3600F47E63 /* Achivement-Protocol.swift in Sources */ = {isa = PBXBuildFile; fileRef = 7DD6CC1322672E3600F47E63 /* Achivement-Protocol.swift */; };
		7DD6CC1622673DA700F47E63 /* DailyActionSelectorViewController.swift in Sources */ = {isa = PBXBuildFile; fileRef = 7DD6CC1522673DA700F47E63 /* DailyActionSelectorViewController.swift */; };
		7DD6CC182268B71600F47E63 /* ViewSliderViewController.swift in Sources */ = {isa = PBXBuildFile; fileRef = 7DD6CC172268B71600F47E63 /* ViewSliderViewController.swift */; };
		7DD6CC1B2269120C00F47E63 /* UIViewController+KeyboardBehaviour-Extension.swift in Sources */ = {isa = PBXBuildFile; fileRef = 7DD6CC1A2269120C00F47E63 /* UIViewController+KeyboardBehaviour-Extension.swift */; };
		7DD6CC1D2269122600F47E63 /* UIViewController+ChildViewControllers-Extension.swift in Sources */ = {isa = PBXBuildFile; fileRef = 7DD6CC1C2269122600F47E63 /* UIViewController+ChildViewControllers-Extension.swift */; };
		7DDF39232261929B00C761B4 /* LabelExtensions.swift in Sources */ = {isa = PBXBuildFile; fileRef = 7DDF39222261929B00C761B4 /* LabelExtensions.swift */; };
		7DDF392722625F1500C761B4 /* AccountFlags.swift in Sources */ = {isa = PBXBuildFile; fileRef = 7DDF392622625F1400C761B4 /* AccountFlags.swift */; };
		7DDF39292262B75300C761B4 /* AccountSettingsFeatures.swift in Sources */ = {isa = PBXBuildFile; fileRef = 7DDF39282262B75300C761B4 /* AccountSettingsFeatures.swift */; };
		7DF14B47225F24870090D299 /* MoodManager.swift in Sources */ = {isa = PBXBuildFile; fileRef = 7DF14B46225F24870090D299 /* MoodManager.swift */; };
		7DF14B49225F24A10090D299 /* Insight.swift in Sources */ = {isa = PBXBuildFile; fileRef = 7DF14B48225F24A10090D299 /* Insight.swift */; };
		7DF14B4D225F25A00090D299 /* Tag.swift in Sources */ = {isa = PBXBuildFile; fileRef = 7DF14B4C225F25A00090D299 /* Tag.swift */; };
		7DF14B51225F296C0090D299 /* MoodEmotion.swift in Sources */ = {isa = PBXBuildFile; fileRef = 7DF14B50225F296C0090D299 /* MoodEmotion.swift */; };
		7DF14B55225F2B940090D299 /* AccountSettingsNotifications.swift in Sources */ = {isa = PBXBuildFile; fileRef = 7DF14B54225F2B940090D299 /* AccountSettingsNotifications.swift */; };
		7DF14B59225F2D170090D299 /* FeedStatusResponse.swift in Sources */ = {isa = PBXBuildFile; fileRef = 7DF14B58225F2D170090D299 /* FeedStatusResponse.swift */; };
		7DF14B5B225F32450090D299 /* AccountSettings.swift in Sources */ = {isa = PBXBuildFile; fileRef = 7DF14B5A225F32450090D299 /* AccountSettings.swift */; };
		7DF14B5D225F36CD0090D299 /* Account.swift in Sources */ = {isa = PBXBuildFile; fileRef = 7DF14B5C225F36CD0090D299 /* Account.swift */; };
		7DFEF05B2263617C004F625F /* MessageStackView.swift in Sources */ = {isa = PBXBuildFile; fileRef = 7DFEF05A2263617C004F625F /* MessageStackView.swift */; };
		7DFEF05D226361AF004F625F /* MessageResponsesStack.swift in Sources */ = {isa = PBXBuildFile; fileRef = 7DFEF05C226361AF004F625F /* MessageResponsesStack.swift */; };
		A30EC35322564FC60092A4E2 /* ActionList_Feed-ChildViewController.swift in Sources */ = {isa = PBXBuildFile; fileRef = A30EC35222564FC60092A4E2 /* ActionList_Feed-ChildViewController.swift */; };
		A30EC35522565BEF0092A4E2 /* Message_Feed-ChildViewController.swift in Sources */ = {isa = PBXBuildFile; fileRef = A30EC35422565BEF0092A4E2 /* Message_Feed-ChildViewController.swift */; };
		A30F5415227C5D6800306AAA /* profile.json in Resources */ = {isa = PBXBuildFile; fileRef = A30F5414227C5D6800306AAA /* profile.json */; };
		A30F5417227C5D8400306AAA /* heart.json in Resources */ = {isa = PBXBuildFile; fileRef = A30F5416227C5D8400306AAA /* heart.json */; };
		A30F5419227C608200306AAA /* goal.json in Resources */ = {isa = PBXBuildFile; fileRef = A30F5418227C608200306AAA /* goal.json */; };
		A3169F93224C4D98001B7C90 /* GoogleService-Info.plist in Resources */ = {isa = PBXBuildFile; fileRef = A3169F92224C4D98001B7C90 /* GoogleService-Info.plist */; };
		A316E709224AF18F00283547 /* Landing_Onboarding-ViewController.swift in Sources */ = {isa = PBXBuildFile; fileRef = A316E708224AF18F00283547 /* Landing_Onboarding-ViewController.swift */; };
		A33409902245701D004CBB2A /* LandingSlide-View.swift in Sources */ = {isa = PBXBuildFile; fileRef = A334098A2245701B004CBB2A /* LandingSlide-View.swift */; };
		A33409912245701D004CBB2A /* Onboarding-ScreenSliderViewController.swift in Sources */ = {isa = PBXBuildFile; fileRef = A334098B2245701C004CBB2A /* Onboarding-ScreenSliderViewController.swift */; };
		A334099522457023004CBB2A /* Loader.swift in Sources */ = {isa = PBXBuildFile; fileRef = A334099422457023004CBB2A /* Loader.swift */; };
		A33409A3224570A4004CBB2A /* AccountSettingsViewController.swift in Sources */ = {isa = PBXBuildFile; fileRef = A334099F224570A2004CBB2A /* AccountSettingsViewController.swift */; };
		A33409A4224570A4004CBB2A /* SettingsViewController.swift in Sources */ = {isa = PBXBuildFile; fileRef = A33409A0224570A3004CBB2A /* SettingsViewController.swift */; };
		A33409A5224570A4004CBB2A /* AppSettingsViewController.swift in Sources */ = {isa = PBXBuildFile; fileRef = A33409A1224570A3004CBB2A /* AppSettingsViewController.swift */; };
		A33409A9224570B3004CBB2A /* Login-ViewController.swift in Sources */ = {isa = PBXBuildFile; fileRef = A33409A8224570B3004CBB2A /* Login-ViewController.swift */; };
		A33409AB224570B6004CBB2A /* HighlightsViewController.swift in Sources */ = {isa = PBXBuildFile; fileRef = A33409AA224570B6004CBB2A /* HighlightsViewController.swift */; };
		A33409AD224570BC004CBB2A /* Home-ViewController.swift in Sources */ = {isa = PBXBuildFile; fileRef = A33409AC224570BC004CBB2A /* Home-ViewController.swift */; };
		A33409AF224570BF004CBB2A /* CommunitiesViewController.swift in Sources */ = {isa = PBXBuildFile; fileRef = A33409AE224570BF004CBB2A /* CommunitiesViewController.swift */; };
		A33409B2224570D2004CBB2A /* ActionsViewController.swift in Sources */ = {isa = PBXBuildFile; fileRef = A33409B1224570D2004CBB2A /* ActionsViewController.swift */; };
		A33409B6224570DA004CBB2A /* DashboardNavigationController.swift in Sources */ = {isa = PBXBuildFile; fileRef = A33409B3224570D8004CBB2A /* DashboardNavigationController.swift */; };
		A33409B7224570DA004CBB2A /* SidebarViewController.swift in Sources */ = {isa = PBXBuildFile; fileRef = A33409B4224570D9004CBB2A /* SidebarViewController.swift */; };
		A33409B8224570DA004CBB2A /* DashboardTabBarController.swift in Sources */ = {isa = PBXBuildFile; fileRef = A33409B5224570DA004CBB2A /* DashboardTabBarController.swift */; };
		A3438E9822456B86004D21BB /* AppDelegate.swift in Sources */ = {isa = PBXBuildFile; fileRef = A3438E9022456B86004D21BB /* AppDelegate.swift */; };
		A3438E9A22456B86004D21BB /* AppContainerViewController.swift in Sources */ = {isa = PBXBuildFile; fileRef = A3438E9222456B86004D21BB /* AppContainerViewController.swift */; };
		A3438E9D22456BBC004D21BB /* Assets.xcassets in Resources */ = {isa = PBXBuildFile; fileRef = A3438E9C22456BBC004D21BB /* Assets.xcassets */; };
		A35EA85B22456F9700592D88 /* ActionLog.swift in Sources */ = {isa = PBXBuildFile; fileRef = A35EA85722456F9600592D88 /* ActionLog.swift */; };
		A35EA86B22456FB800592D88 /* AccountManager.swift in Sources */ = {isa = PBXBuildFile; fileRef = A35EA86222456FB500592D88 /* AccountManager.swift */; };
		A35EA86D22456FB800592D88 /* AppManager.swift in Sources */ = {isa = PBXBuildFile; fileRef = A35EA86422456FB600592D88 /* AppManager.swift */; };
		A35EA86E22456FB800592D88 /* ViewBuilding.swift in Sources */ = {isa = PBXBuildFile; fileRef = A35EA86522456FB700592D88 /* ViewBuilding.swift */; };
		A3683567226E0B0D005C8600 /* PageIndicator.swift in Sources */ = {isa = PBXBuildFile; fileRef = A3683566226E0B0D005C8600 /* PageIndicator.swift */; };
		A3683569226E1B5D005C8600 /* ScreenSliderViewController-Protocol.swift in Sources */ = {isa = PBXBuildFile; fileRef = A3683568226E1B5D005C8600 /* ScreenSliderViewController-Protocol.swift */; };
		A368356B226E1BB4005C8600 /* DataCollectionSequenceDelegate-Protocol.swift in Sources */ = {isa = PBXBuildFile; fileRef = A368356A226E1BB4005C8600 /* DataCollectionSequenceDelegate-Protocol.swift */; };
		A3B76ADB227CE7CB00282ECB /* SentimentLog.swift in Sources */ = {isa = PBXBuildFile; fileRef = A3B76ADA227CE7CB00282ECB /* SentimentLog.swift */; };
		A3CF9509224D486200D0EC31 /* DashboardButton.swift in Sources */ = {isa = PBXBuildFile; fileRef = A3CF9508224D486200D0EC31 /* DashboardButton.swift */; };
		A3CF950B224D4B4600D0EC31 /* Colours.swift in Sources */ = {isa = PBXBuildFile; fileRef = A3CF950A224D4B4600D0EC31 /* Colours.swift */; };
		A3CF950D224D7EEB00D0EC31 /* Highlight.swift in Sources */ = {isa = PBXBuildFile; fileRef = A3CF950C224D7EEB00D0EC31 /* Highlight.swift */; };
		A3CF9514224E714600D0EC31 /* MoodLog.swift in Sources */ = {isa = PBXBuildFile; fileRef = A3CF9513224E714600D0EC31 /* MoodLog.swift */; };
		A3CF9516224E9C8900D0EC31 /* FeedStatusMessage.swift in Sources */ = {isa = PBXBuildFile; fileRef = A3CF9515224E9C8900D0EC31 /* FeedStatusMessage.swift */; };
		A3D75724225CD5A900E87F67 /* ScreenHeaderLabel.swift in Sources */ = {isa = PBXBuildFile; fileRef = A3D75723225CD5A900E87F67 /* ScreenHeaderLabel.swift */; };
		A3D75726225CEEFC00E87F67 /* SectionHeaderLabel.swift in Sources */ = {isa = PBXBuildFile; fileRef = A3D75725225CEEFC00E87F67 /* SectionHeaderLabel.swift */; };
		A3D7572C225D1F9C00E87F67 /* AccountUser.swift in Sources */ = {isa = PBXBuildFile; fileRef = A3D7572B225D1F9C00E87F67 /* AccountUser.swift */; };
		A3D75736225D4F1B00E87F67 /* ColorManager.swift in Sources */ = {isa = PBXBuildFile; fileRef = A3D75735225D4F1B00E87F67 /* ColorManager.swift */; };
/* End PBXBuildFile section */

/* Begin PBXFileReference section */
		133C9E098A01664EBB5E301E /* Pods_Self.framework */ = {isa = PBXFileReference; explicitFileType = wrapper.framework; includeInIndex = 0; path = Pods_Self.framework; sourceTree = BUILT_PRODUCTS_DIR; };
		272325912260C92000BB6924 /* BackgroundManager.swift */ = {isa = PBXFileReference; fileEncoding = 4; lastKnownFileType = sourcecode.swift; name = BackgroundManager.swift; path = "Self/Model Controllers/BackgroundManager.swift"; sourceTree = SOURCE_ROOT; };
		3195708A3A9E109844A87C3E /* Pods-Self.release.xcconfig */ = {isa = PBXFileReference; includeInIndex = 1; lastKnownFileType = text.xcconfig; name = "Pods-Self.release.xcconfig"; path = "Pods/Target Support Files/Pods-Self/Pods-Self.release.xcconfig"; sourceTree = "<group>"; };
		7D10F5DC226DCF760063CEB8 /* TextFieldWithLabel.swift */ = {isa = PBXFileReference; lastKnownFileType = sourcecode.swift; path = TextFieldWithLabel.swift; sourceTree = "<group>"; };
		7D10F5DE226DDC700063CEB8 /* UIView+TapGestureRecogniser-Extension.swift */ = {isa = PBXFileReference; lastKnownFileType = sourcecode.swift; path = "UIView+TapGestureRecogniser-Extension.swift"; sourceTree = "<group>"; };
		7D10F5E0226DEEC50063CEB8 /* UIView+Shake-Extension.swift */ = {isa = PBXFileReference; lastKnownFileType = sourcecode.swift; path = "UIView+Shake-Extension.swift"; sourceTree = "<group>"; };
		7D10F5E2226DF2E70063CEB8 /* String+Trim-Extension.swift */ = {isa = PBXFileReference; lastKnownFileType = sourcecode.swift; path = "String+Trim-Extension.swift"; sourceTree = "<group>"; };
		7D10F5E4226E5F590063CEB8 /* LoggingMood-ScreenSliderViewController.swift */ = {isa = PBXFileReference; lastKnownFileType = sourcecode.swift; path = "LoggingMood-ScreenSliderViewController.swift"; sourceTree = "<group>"; };
		7D10F5E6226E5FAE0063CEB8 /* Detail_LoggingMood-ViewController.swift */ = {isa = PBXFileReference; lastKnownFileType = sourcecode.swift; path = "Detail_LoggingMood-ViewController.swift"; sourceTree = "<group>"; };
		7D10F5E8226E60120063CEB8 /* Mood_LoggingMood-ViewController.swift */ = {isa = PBXFileReference; lastKnownFileType = sourcecode.swift; path = "Mood_LoggingMood-ViewController.swift"; sourceTree = "<group>"; };
		7D10F5EA226E8C6A0063CEB8 /* Wildcard_LoggingMood-ViewController.swift */ = {isa = PBXFileReference; lastKnownFileType = sourcecode.swift; path = "Wildcard_LoggingMood-ViewController.swift"; sourceTree = "<group>"; };
		7D10F5EC226E8D9D0063CEB8 /* Overview_LoggingMood-ViewController.swift */ = {isa = PBXFileReference; lastKnownFileType = sourcecode.swift; path = "Overview_LoggingMood-ViewController.swift"; sourceTree = "<group>"; };
		7D187F112258D1A000A9E9AE /* ActionView.swift */ = {isa = PBXFileReference; lastKnownFileType = sourcecode.swift; path = ActionView.swift; sourceTree = "<group>"; };
		7D47AC67225FD380004BF898 /* Button.swift */ = {isa = PBXFileReference; lastKnownFileType = sourcecode.swift; path = Button.swift; sourceTree = "<group>"; };
		7D47AC6E22600DCF004BF898 /* Textfield.swift */ = {isa = PBXFileReference; lastKnownFileType = sourcecode.swift; path = Textfield.swift; sourceTree = "<group>"; };
		7D47AC7022601349004BF898 /* ViewController.swift */ = {isa = PBXFileReference; lastKnownFileType = sourcecode.swift; name = ViewController.swift; path = "Self/View Controllers/ViewController.swift"; sourceTree = SOURCE_ROOT; };
		7D6B745C2260286C006F9CD1 /* FinishCreatingAccountViewController.swift */ = {isa = PBXFileReference; lastKnownFileType = sourcecode.swift; path = FinishCreatingAccountViewController.swift; sourceTree = "<group>"; };
		7D6B745E226028B5006F9CD1 /* Name_Onboarding-ViewController.swift */ = {isa = PBXFileReference; lastKnownFileType = sourcecode.swift; path = "Name_Onboarding-ViewController.swift"; sourceTree = "<group>"; };
		7D6B746022602C56006F9CD1 /* Induction_Onboarding-ViewController.swift */ = {isa = PBXFileReference; lastKnownFileType = sourcecode.swift; path = "Induction_Onboarding-ViewController.swift"; sourceTree = "<group>"; };
		7D6B7462226030C0006F9CD1 /* ScreenSliderViewController.swift */ = {isa = PBXFileReference; lastKnownFileType = sourcecode.swift; path = ScreenSliderViewController.swift; sourceTree = "<group>"; };
		7D7758CE225D872F003CCD1F /* FeedManager.swift */ = {isa = PBXFileReference; lastKnownFileType = sourcecode.swift; path = FeedManager.swift; sourceTree = "<group>"; };
		7D7758D0225D8764003CCD1F /* HighlightManager.swift */ = {isa = PBXFileReference; lastKnownFileType = sourcecode.swift; path = HighlightManager.swift; sourceTree = "<group>"; };
		7D7758D2225D878A003CCD1F /* InsightManager.swift */ = {isa = PBXFileReference; lastKnownFileType = sourcecode.swift; path = InsightManager.swift; sourceTree = "<group>"; };
		7D7758D4225D87B0003CCD1F /* Actions.swift */ = {isa = PBXFileReference; lastKnownFileType = sourcecode.swift; path = Actions.swift; sourceTree = "<group>"; };
		7D8E4320227E5B2000243139 /* Mood.swift */ = {isa = PBXFileReference; lastKnownFileType = sourcecode.swift; path = Mood.swift; sourceTree = "<group>"; };
		7D8E4322227E5D0100243139 /* Feed.swift */ = {isa = PBXFileReference; lastKnownFileType = sourcecode.swift; path = Feed.swift; sourceTree = "<group>"; };
		7D8E4324227E5EF300243139 /* Sentiment.swift */ = {isa = PBXFileReference; lastKnownFileType = sourcecode.swift; path = Sentiment.swift; sourceTree = "<group>"; };
		7D8E4328227E62E700243139 /* HighlightLog.swift */ = {isa = PBXFileReference; lastKnownFileType = sourcecode.swift; path = HighlightLog.swift; sourceTree = "<group>"; };
		7D8E432A227E803600243139 /* FeedStatus.swift */ = {isa = PBXFileReference; lastKnownFileType = sourcecode.swift; path = FeedStatus.swift; sourceTree = "<group>"; };
		7D8E432C227E852D00243139 /* ActionInfo.swift */ = {isa = PBXFileReference; lastKnownFileType = sourcecode.swift; path = ActionInfo.swift; sourceTree = "<group>"; };
		7D8E432E227E971900243139 /* ActionsUserLogs.swift */ = {isa = PBXFileReference; lastKnownFileType = sourcecode.swift; path = ActionsUserLogs.swift; sourceTree = "<group>"; };
		7DD6CBE9226630D200F47E63 /* MoodWildcard.swift */ = {isa = PBXFileReference; lastKnownFileType = sourcecode.swift; path = MoodWildcard.swift; sourceTree = "<group>"; };
		7DD6CBF122663B0900F47E63 /* EmotionManager.swift */ = {isa = PBXFileReference; lastKnownFileType = sourcecode.swift; path = EmotionManager.swift; sourceTree = "<group>"; };
		7DD6CBFD2266B50300F47E63 /* Help.swift */ = {isa = PBXFileReference; lastKnownFileType = sourcecode.swift; path = Help.swift; sourceTree = "<group>"; };
		7DD6CBFF2266B51D00F47E63 /* TagViewController.swift */ = {isa = PBXFileReference; lastKnownFileType = sourcecode.swift; path = TagViewController.swift; sourceTree = "<group>"; };
		7DD6CC032266B6C200F47E63 /* CommunityManager.swift */ = {isa = PBXFileReference; lastKnownFileType = sourcecode.swift; path = CommunityManager.swift; sourceTree = "<group>"; };
		7DD6CC052266B6CF00F47E63 /* Community.swift */ = {isa = PBXFileReference; lastKnownFileType = sourcecode.swift; path = Community.swift; sourceTree = "<group>"; };
		7DD6CC072266B6F300F47E63 /* CommunityViewController.swift */ = {isa = PBXFileReference; lastKnownFileType = sourcecode.swift; path = CommunityViewController.swift; sourceTree = "<group>"; };
		7DD6CC092266B71500F47E63 /* FindCommunityViewController.swift */ = {isa = PBXFileReference; lastKnownFileType = sourcecode.swift; path = FindCommunityViewController.swift; sourceTree = "<group>"; };
		7DD6CC0D2266B97D00F47E63 /* Buttons.swift */ = {isa = PBXFileReference; lastKnownFileType = sourcecode.swift; path = Buttons.swift; sourceTree = "<group>"; };
		7DD6CC0F2266C02900F47E63 /* HighlightCell.swift */ = {isa = PBXFileReference; lastKnownFileType = sourcecode.swift; path = HighlightCell.swift; sourceTree = "<group>"; };
		7DD6CC1122672E1B00F47E63 /* Loading-Protocol.swift */ = {isa = PBXFileReference; lastKnownFileType = sourcecode.swift; path = "Loading-Protocol.swift"; sourceTree = "<group>"; };
		7DD6CC1322672E3600F47E63 /* Achivement-Protocol.swift */ = {isa = PBXFileReference; lastKnownFileType = sourcecode.swift; path = "Achivement-Protocol.swift"; sourceTree = "<group>"; };
		7DD6CC1522673DA700F47E63 /* DailyActionSelectorViewController.swift */ = {isa = PBXFileReference; lastKnownFileType = sourcecode.swift; path = DailyActionSelectorViewController.swift; sourceTree = "<group>"; };
		7DD6CC172268B71600F47E63 /* ViewSliderViewController.swift */ = {isa = PBXFileReference; lastKnownFileType = sourcecode.swift; path = ViewSliderViewController.swift; sourceTree = "<group>"; };
		7DD6CC1A2269120C00F47E63 /* UIViewController+KeyboardBehaviour-Extension.swift */ = {isa = PBXFileReference; lastKnownFileType = sourcecode.swift; path = "UIViewController+KeyboardBehaviour-Extension.swift"; sourceTree = "<group>"; };
		7DD6CC1C2269122600F47E63 /* UIViewController+ChildViewControllers-Extension.swift */ = {isa = PBXFileReference; lastKnownFileType = sourcecode.swift; path = "UIViewController+ChildViewControllers-Extension.swift"; sourceTree = "<group>"; };
		7DDF39222261929B00C761B4 /* LabelExtensions.swift */ = {isa = PBXFileReference; lastKnownFileType = sourcecode.swift; path = LabelExtensions.swift; sourceTree = "<group>"; };
		7DDF392622625F1400C761B4 /* AccountFlags.swift */ = {isa = PBXFileReference; fileEncoding = 4; lastKnownFileType = sourcecode.swift; path = AccountFlags.swift; sourceTree = "<group>"; };
		7DDF39282262B75300C761B4 /* AccountSettingsFeatures.swift */ = {isa = PBXFileReference; lastKnownFileType = sourcecode.swift; path = AccountSettingsFeatures.swift; sourceTree = "<group>"; };
		7DF14B46225F24870090D299 /* MoodManager.swift */ = {isa = PBXFileReference; lastKnownFileType = sourcecode.swift; path = MoodManager.swift; sourceTree = "<group>"; };
		7DF14B48225F24A10090D299 /* Insight.swift */ = {isa = PBXFileReference; lastKnownFileType = sourcecode.swift; path = Insight.swift; sourceTree = "<group>"; };
		7DF14B4C225F25A00090D299 /* Tag.swift */ = {isa = PBXFileReference; lastKnownFileType = sourcecode.swift; path = Tag.swift; sourceTree = "<group>"; };
		7DF14B50225F296C0090D299 /* MoodEmotion.swift */ = {isa = PBXFileReference; lastKnownFileType = sourcecode.swift; path = MoodEmotion.swift; sourceTree = "<group>"; };
		7DF14B54225F2B940090D299 /* AccountSettingsNotifications.swift */ = {isa = PBXFileReference; lastKnownFileType = sourcecode.swift; path = AccountSettingsNotifications.swift; sourceTree = "<group>"; };
		7DF14B58225F2D170090D299 /* FeedStatusResponse.swift */ = {isa = PBXFileReference; lastKnownFileType = sourcecode.swift; path = FeedStatusResponse.swift; sourceTree = "<group>"; };
		7DF14B5A225F32450090D299 /* AccountSettings.swift */ = {isa = PBXFileReference; lastKnownFileType = sourcecode.swift; path = AccountSettings.swift; sourceTree = "<group>"; };
		7DF14B5C225F36CD0090D299 /* Account.swift */ = {isa = PBXFileReference; lastKnownFileType = sourcecode.swift; path = Account.swift; sourceTree = "<group>"; };
		7DFEF05A2263617C004F625F /* MessageStackView.swift */ = {isa = PBXFileReference; lastKnownFileType = sourcecode.swift; path = MessageStackView.swift; sourceTree = "<group>"; };
		7DFEF05C226361AF004F625F /* MessageResponsesStack.swift */ = {isa = PBXFileReference; lastKnownFileType = sourcecode.swift; path = MessageResponsesStack.swift; sourceTree = "<group>"; };
		A30EC35222564FC60092A4E2 /* ActionList_Feed-ChildViewController.swift */ = {isa = PBXFileReference; lastKnownFileType = sourcecode.swift; path = "ActionList_Feed-ChildViewController.swift"; sourceTree = "<group>"; };
		A30EC35422565BEF0092A4E2 /* Message_Feed-ChildViewController.swift */ = {isa = PBXFileReference; lastKnownFileType = sourcecode.swift; path = "Message_Feed-ChildViewController.swift"; sourceTree = "<group>"; };
		A30F5414227C5D6800306AAA /* profile.json */ = {isa = PBXFileReference; fileEncoding = 4; lastKnownFileType = text.json; path = profile.json; sourceTree = "<group>"; };
		A30F5416227C5D8400306AAA /* heart.json */ = {isa = PBXFileReference; fileEncoding = 4; lastKnownFileType = text.json; path = heart.json; sourceTree = "<group>"; };
		A30F5418227C608200306AAA /* goal.json */ = {isa = PBXFileReference; fileEncoding = 4; lastKnownFileType = text.json; path = goal.json; sourceTree = "<group>"; };
		A3169F92224C4D98001B7C90 /* GoogleService-Info.plist */ = {isa = PBXFileReference; fileEncoding = 4; lastKnownFileType = text.plist.xml; path = "GoogleService-Info.plist"; sourceTree = "<group>"; };
		A316E708224AF18F00283547 /* Landing_Onboarding-ViewController.swift */ = {isa = PBXFileReference; lastKnownFileType = sourcecode.swift; path = "Landing_Onboarding-ViewController.swift"; sourceTree = "<group>"; };
		A334098A2245701B004CBB2A /* LandingSlide-View.swift */ = {isa = PBXFileReference; fileEncoding = 4; lastKnownFileType = sourcecode.swift; path = "LandingSlide-View.swift"; sourceTree = "<group>"; };
		A334098B2245701C004CBB2A /* Onboarding-ScreenSliderViewController.swift */ = {isa = PBXFileReference; fileEncoding = 4; lastKnownFileType = sourcecode.swift; path = "Onboarding-ScreenSliderViewController.swift"; sourceTree = "<group>"; };
		A334099422457023004CBB2A /* Loader.swift */ = {isa = PBXFileReference; fileEncoding = 4; lastKnownFileType = sourcecode.swift; path = Loader.swift; sourceTree = "<group>"; };
		A334099F224570A2004CBB2A /* AccountSettingsViewController.swift */ = {isa = PBXFileReference; fileEncoding = 4; lastKnownFileType = sourcecode.swift; path = AccountSettingsViewController.swift; sourceTree = "<group>"; };
		A33409A0224570A3004CBB2A /* SettingsViewController.swift */ = {isa = PBXFileReference; fileEncoding = 4; lastKnownFileType = sourcecode.swift; path = SettingsViewController.swift; sourceTree = "<group>"; };
		A33409A1224570A3004CBB2A /* AppSettingsViewController.swift */ = {isa = PBXFileReference; fileEncoding = 4; lastKnownFileType = sourcecode.swift; path = AppSettingsViewController.swift; sourceTree = "<group>"; };
		A33409A8224570B3004CBB2A /* Login-ViewController.swift */ = {isa = PBXFileReference; fileEncoding = 4; lastKnownFileType = sourcecode.swift; path = "Login-ViewController.swift"; sourceTree = "<group>"; };
		A33409AA224570B6004CBB2A /* HighlightsViewController.swift */ = {isa = PBXFileReference; fileEncoding = 4; lastKnownFileType = sourcecode.swift; path = HighlightsViewController.swift; sourceTree = "<group>"; };
		A33409AC224570BC004CBB2A /* Home-ViewController.swift */ = {isa = PBXFileReference; fileEncoding = 4; lastKnownFileType = sourcecode.swift; path = "Home-ViewController.swift"; sourceTree = "<group>"; };
		A33409AE224570BF004CBB2A /* CommunitiesViewController.swift */ = {isa = PBXFileReference; fileEncoding = 4; lastKnownFileType = sourcecode.swift; path = CommunitiesViewController.swift; sourceTree = "<group>"; };
		A33409B1224570D2004CBB2A /* ActionsViewController.swift */ = {isa = PBXFileReference; fileEncoding = 4; lastKnownFileType = sourcecode.swift; path = ActionsViewController.swift; sourceTree = "<group>"; };
		A33409B3224570D8004CBB2A /* DashboardNavigationController.swift */ = {isa = PBXFileReference; fileEncoding = 4; lastKnownFileType = sourcecode.swift; path = DashboardNavigationController.swift; sourceTree = "<group>"; };
		A33409B4224570D9004CBB2A /* SidebarViewController.swift */ = {isa = PBXFileReference; fileEncoding = 4; lastKnownFileType = sourcecode.swift; path = SidebarViewController.swift; sourceTree = "<group>"; };
		A33409B5224570DA004CBB2A /* DashboardTabBarController.swift */ = {isa = PBXFileReference; fileEncoding = 4; lastKnownFileType = sourcecode.swift; path = DashboardTabBarController.swift; sourceTree = "<group>"; };
		A3438E7522456A1C004D21BB /* Self.app */ = {isa = PBXFileReference; explicitFileType = wrapper.application; includeInIndex = 0; path = Self.app; sourceTree = BUILT_PRODUCTS_DIR; };
		A3438E9022456B86004D21BB /* AppDelegate.swift */ = {isa = PBXFileReference; fileEncoding = 4; lastKnownFileType = sourcecode.swift; path = AppDelegate.swift; sourceTree = "<group>"; };
		A3438E9222456B86004D21BB /* AppContainerViewController.swift */ = {isa = PBXFileReference; fileEncoding = 4; lastKnownFileType = sourcecode.swift; path = AppContainerViewController.swift; sourceTree = "<group>"; };
		A3438E9C22456BBC004D21BB /* Assets.xcassets */ = {isa = PBXFileReference; lastKnownFileType = folder.assetcatalog; path = Assets.xcassets; sourceTree = "<group>"; };
		A3438E9E22456BDA004D21BB /* Info.plist */ = {isa = PBXFileReference; fileEncoding = 4; lastKnownFileType = text.plist.xml; path = Info.plist; sourceTree = "<group>"; };
		A35EA85722456F9600592D88 /* ActionLog.swift */ = {isa = PBXFileReference; fileEncoding = 4; lastKnownFileType = sourcecode.swift; path = ActionLog.swift; sourceTree = "<group>"; };
		A35EA86222456FB500592D88 /* AccountManager.swift */ = {isa = PBXFileReference; fileEncoding = 4; lastKnownFileType = sourcecode.swift; path = AccountManager.swift; sourceTree = "<group>"; };
		A35EA86422456FB600592D88 /* AppManager.swift */ = {isa = PBXFileReference; fileEncoding = 4; lastKnownFileType = sourcecode.swift; path = AppManager.swift; sourceTree = "<group>"; };
		A35EA86522456FB700592D88 /* ViewBuilding.swift */ = {isa = PBXFileReference; fileEncoding = 4; lastKnownFileType = sourcecode.swift; path = ViewBuilding.swift; sourceTree = "<group>"; };
		A3683566226E0B0D005C8600 /* PageIndicator.swift */ = {isa = PBXFileReference; lastKnownFileType = sourcecode.swift; path = PageIndicator.swift; sourceTree = "<group>"; };
		A3683568226E1B5D005C8600 /* ScreenSliderViewController-Protocol.swift */ = {isa = PBXFileReference; lastKnownFileType = sourcecode.swift; path = "ScreenSliderViewController-Protocol.swift"; sourceTree = "<group>"; };
		A368356A226E1BB4005C8600 /* DataCollectionSequenceDelegate-Protocol.swift */ = {isa = PBXFileReference; lastKnownFileType = sourcecode.swift; path = "DataCollectionSequenceDelegate-Protocol.swift"; sourceTree = "<group>"; };
		A3B76ADA227CE7CB00282ECB /* SentimentLog.swift */ = {isa = PBXFileReference; lastKnownFileType = sourcecode.swift; path = SentimentLog.swift; sourceTree = "<group>"; };
		A3CF9508224D486200D0EC31 /* DashboardButton.swift */ = {isa = PBXFileReference; lastKnownFileType = sourcecode.swift; path = DashboardButton.swift; sourceTree = "<group>"; };
		A3CF950A224D4B4600D0EC31 /* Colours.swift */ = {isa = PBXFileReference; lastKnownFileType = sourcecode.swift; path = Colours.swift; sourceTree = "<group>"; };
		A3CF950C224D7EEB00D0EC31 /* Highlight.swift */ = {isa = PBXFileReference; lastKnownFileType = sourcecode.swift; path = Highlight.swift; sourceTree = "<group>"; };
		A3CF9513224E714600D0EC31 /* MoodLog.swift */ = {isa = PBXFileReference; lastKnownFileType = sourcecode.swift; path = MoodLog.swift; sourceTree = "<group>"; };
		A3CF9515224E9C8900D0EC31 /* FeedStatusMessage.swift */ = {isa = PBXFileReference; lastKnownFileType = sourcecode.swift; path = FeedStatusMessage.swift; sourceTree = "<group>"; };
		A3D75723225CD5A900E87F67 /* ScreenHeaderLabel.swift */ = {isa = PBXFileReference; lastKnownFileType = sourcecode.swift; path = ScreenHeaderLabel.swift; sourceTree = "<group>"; };
		A3D75725225CEEFC00E87F67 /* SectionHeaderLabel.swift */ = {isa = PBXFileReference; lastKnownFileType = sourcecode.swift; path = SectionHeaderLabel.swift; sourceTree = "<group>"; };
		A3D7572B225D1F9C00E87F67 /* AccountUser.swift */ = {isa = PBXFileReference; lastKnownFileType = sourcecode.swift; path = AccountUser.swift; sourceTree = "<group>"; };
		A3D75735225D4F1B00E87F67 /* ColorManager.swift */ = {isa = PBXFileReference; lastKnownFileType = sourcecode.swift; path = ColorManager.swift; sourceTree = "<group>"; };
		A774790F0D0CC9D95855193F /* Pods-Self.debug.xcconfig */ = {isa = PBXFileReference; includeInIndex = 1; lastKnownFileType = text.xcconfig; name = "Pods-Self.debug.xcconfig"; path = "Pods/Target Support Files/Pods-Self/Pods-Self.debug.xcconfig"; sourceTree = "<group>"; };
/* End PBXFileReference section */

/* Begin PBXFrameworksBuildPhase section */
		A3438E7222456A1C004D21BB /* Frameworks */ = {
			isa = PBXFrameworksBuildPhase;
			buildActionMask = 2147483647;
			files = (
				360EC41E9D53E4791E09F0D7 /* Pods_Self.framework in Frameworks */,
			);
			runOnlyForDeploymentPostprocessing = 0;
		};
/* End PBXFrameworksBuildPhase section */

/* Begin PBXGroup section */
		7DD6CBF92266B38F00F47E63 /* Views */ = {
			isa = PBXGroup;
			children = (
				A3B76AEA227D043E00282ECB /* FEED */,
				7D47AC67225FD380004BF898 /* Button.swift */,
				A3CF9508224D486200D0EC31 /* DashboardButton.swift */,
				7DD6CC0D2266B97D00F47E63 /* Buttons.swift */,
				7D47AC6E22600DCF004BF898 /* Textfield.swift */,
				7D10F5DC226DCF760063CEB8 /* TextFieldWithLabel.swift */,
				7DDF39222261929B00C761B4 /* LabelExtensions.swift */,
				A3D75723225CD5A900E87F67 /* ScreenHeaderLabel.swift */,
				A3D75725225CEEFC00E87F67 /* SectionHeaderLabel.swift */,
				A334098A2245701B004CBB2A /* LandingSlide-View.swift */,
				A3683566226E0B0D005C8600 /* PageIndicator.swift */,
				A334099422457023004CBB2A /* Loader.swift */,
			);
			path = Views;
			sourceTree = "<group>";
		};
		7DDF39212261014C00C761B4 /* Protocols+Extensions */ = {
			isa = PBXGroup;
			children = (
				A35EA86522456FB700592D88 /* ViewBuilding.swift */,
				7DD6CC1A2269120C00F47E63 /* UIViewController+KeyboardBehaviour-Extension.swift */,
				7DD6CC1C2269122600F47E63 /* UIViewController+ChildViewControllers-Extension.swift */,
				7D10F5DE226DDC700063CEB8 /* UIView+TapGestureRecogniser-Extension.swift */,
				7D10F5E0226DEEC50063CEB8 /* UIView+Shake-Extension.swift */,
				7D10F5E2226DF2E70063CEB8 /* String+Trim-Extension.swift */,
				A368356A226E1BB4005C8600 /* DataCollectionSequenceDelegate-Protocol.swift */,
				A3683568226E1B5D005C8600 /* ScreenSliderViewController-Protocol.swift */,
				7DD6CC1122672E1B00F47E63 /* Loading-Protocol.swift */,
				7DD6CC1322672E3600F47E63 /* Achivement-Protocol.swift */,
			);
			path = "Protocols+Extensions";
			sourceTree = "<group>";
		};
		951818623E55152490612D04 /* Pods */ = {
			isa = PBXGroup;
			children = (
				A774790F0D0CC9D95855193F /* Pods-Self.debug.xcconfig */,
				3195708A3A9E109844A87C3E /* Pods-Self.release.xcconfig */,
			);
			name = Pods;
			sourceTree = "<group>";
		};
		A30F5412227C5D4C00306AAA /* Animations */ = {
			isa = PBXGroup;
			children = (
				A30F5418227C608200306AAA /* goal.json */,
				A30F5414227C5D6800306AAA /* profile.json */,
				A30F5416227C5D8400306AAA /* heart.json */,
			);
			path = Animations;
			sourceTree = "<group>";
		};
		A3438E6C22456A1C004D21BB = {
			isa = PBXGroup;
			children = (
				A3438E7722456A1C004D21BB /* Self */,
				A3438E7622456A1C004D21BB /* Products */,
				951818623E55152490612D04 /* Pods */,
				EF82DCB7677E74021FC39444 /* Frameworks */,
			);
			sourceTree = "<group>";
		};
		A3438E7622456A1C004D21BB /* Products */ = {
			isa = PBXGroup;
			children = (
				A3438E7522456A1C004D21BB /* Self.app */,
			);
			name = Products;
			sourceTree = "<group>";
		};
		A3438E7722456A1C004D21BB /* Self */ = {
			isa = PBXGroup;
			children = (
				A3438E9022456B86004D21BB /* AppDelegate.swift */,
				A35EA86422456FB600592D88 /* AppManager.swift */,
				A3438E9222456B86004D21BB /* AppContainerViewController.swift */,
				7DDF39212261014C00C761B4 /* Protocols+Extensions */,
				A35EA85D22456FA700592D88 /* Models */,
				A3C860B6227B5DA9000D4034 /* Model Controllers */,
				7DD6CBF92266B38F00F47E63 /* Views */,
				A35EA87122456FD500592D88 /* View Controllers */,
				A3438E9E22456BDA004D21BB /* Info.plist */,
				A3169F92224C4D98001B7C90 /* GoogleService-Info.plist */,
				A3438E9C22456BBC004D21BB /* Assets.xcassets */,
				A30F5412227C5D4C00306AAA /* Animations */,
			);
			path = Self;
			sourceTree = "<group>";
		};
		A35EA85D22456FA700592D88 /* Models */ = {
			isa = PBXGroup;
			children = (
				A3B76ADE227D02AC00282ECB /* ACCOUNT */,
				A3B76ADF227D02D300282ECB /* MOOD */,
				A3B76AE0227D02EF00282ECB /* ACTION */,
				A3B76AE1227D02F500282ECB /* SENTIMENTLOGS */,
				A3B76AE5227D036500282ECB /* FEED */,
				A3B76AE4227D035F00282ECB /* HIGHLIGHT */,
				A3B76AE6227D038900282ECB /* COMMUNITY */,
				A3B76AE7227D039300282ECB /* INSIGHT */,
				A3B76AE8227D03A100282ECB /* TAG */,
				A3B76AE9227D041300282ECB /* COLOUR */,
			);
			path = Models;
			sourceTree = "<group>";
		};
		A35EA87122456FD500592D88 /* View Controllers */ = {
			isa = PBXGroup;
			children = (
				7D47AC7022601349004BF898 /* ViewController.swift */,
				A33409B5224570DA004CBB2A /* DashboardTabBarController.swift */,
				A33409B3224570D8004CBB2A /* DashboardNavigationController.swift */,
				7D6B7462226030C0006F9CD1 /* ScreenSliderViewController.swift */,
				7DD6CC172268B71600F47E63 /* ViewSliderViewController.swift */,
				A3B76AF3227D053A00282ECB /* INFORMATION SCREENS */,
				A3B76AF2227D053500282ECB /* TAG */,
				A3B76AF1227D053000282ECB /* SETTINGS */,
				A3B76AF0227D052900282ECB /* ACTIONS */,
				A3B76AEF227D051F00282ECB /* COMMUNITY */,
				A3B76AEE227D051600282ECB /* HIGHLIGHT */,
				A3B76AED227D051100282ECB /* MOOD */,
				A3B76AEC227D050900282ECB /* HOME */,
				A3B76AEB227D04F900282ECB /* ONBOARDING */,
			);
			path = "View Controllers";
			sourceTree = "<group>";
		};
		A3B76ADE227D02AC00282ECB /* ACCOUNT */ = {
			isa = PBXGroup;
			children = (
				7DF14B5C225F36CD0090D299 /* Account.swift */,
				A3D7572B225D1F9C00E87F67 /* AccountUser.swift */,
				7DDF392622625F1400C761B4 /* AccountFlags.swift */,
				7DF14B5A225F32450090D299 /* AccountSettings.swift */,
				7DF14B54225F2B940090D299 /* AccountSettingsNotifications.swift */,
				7DDF39282262B75300C761B4 /* AccountSettingsFeatures.swift */,
			);
			name = ACCOUNT;
			sourceTree = "<group>";
		};
		A3B76ADF227D02D300282ECB /* MOOD */ = {
			isa = PBXGroup;
			children = (
				7D8E4320227E5B2000243139 /* Mood.swift */,
				A3CF9513224E714600D0EC31 /* MoodLog.swift */,
				7DD6CBE9226630D200F47E63 /* MoodWildcard.swift */,
				7DF14B50225F296C0090D299 /* MoodEmotion.swift */,
			);
			name = MOOD;
			sourceTree = "<group>";
		};
		A3B76AE0227D02EF00282ECB /* ACTION */ = {
			isa = PBXGroup;
			children = (
				7D7758D4225D87B0003CCD1F /* Actions.swift */,
				7D8E432E227E971900243139 /* ActionsUserLogs.swift */,
				A35EA85722456F9600592D88 /* ActionLog.swift */,
				7D8E432C227E852D00243139 /* ActionInfo.swift */,
			);
			name = ACTION;
			sourceTree = "<group>";
		};
		A3B76AE1227D02F500282ECB /* SENTIMENTLOGS */ = {
			isa = PBXGroup;
			children = (
				7D8E4324227E5EF300243139 /* Sentiment.swift */,
				A3B76ADA227CE7CB00282ECB /* SentimentLog.swift */,
			);
			name = SENTIMENTLOGS;
			sourceTree = "<group>";
		};
		A3B76AE4227D035F00282ECB /* HIGHLIGHT */ = {
			isa = PBXGroup;
			children = (
				A3CF950C224D7EEB00D0EC31 /* Highlight.swift */,
				7D8E4328227E62E700243139 /* HighlightLog.swift */,
			);
			name = HIGHLIGHT;
			sourceTree = "<group>";
		};
		A3B76AE5227D036500282ECB /* FEED */ = {
			isa = PBXGroup;
			children = (
				7D8E4322227E5D0100243139 /* Feed.swift */,
				7D8E432A227E803600243139 /* FeedStatus.swift */,
				A3CF9515224E9C8900D0EC31 /* FeedStatusMessage.swift */,
				7DF14B58225F2D170090D299 /* FeedStatusResponse.swift */,
			);
			name = FEED;
			sourceTree = "<group>";
		};
		A3B76AE6227D038900282ECB /* COMMUNITY */ = {
			isa = PBXGroup;
			children = (
				7DD6CC052266B6CF00F47E63 /* Community.swift */,
			);
			name = COMMUNITY;
			sourceTree = "<group>";
		};
		A3B76AE7227D039300282ECB /* INSIGHT */ = {
			isa = PBXGroup;
			children = (
				7DF14B48225F24A10090D299 /* Insight.swift */,
			);
			name = INSIGHT;
			sourceTree = "<group>";
		};
		A3B76AE8227D03A100282ECB /* TAG */ = {
			isa = PBXGroup;
			children = (
				7DF14B4C225F25A00090D299 /* Tag.swift */,
			);
			name = TAG;
			sourceTree = "<group>";
		};
		A3B76AE9227D041300282ECB /* COLOUR */ = {
			isa = PBXGroup;
			children = (
				A3CF950A224D4B4600D0EC31 /* Colours.swift */,
			);
			name = COLOUR;
			sourceTree = "<group>";
		};
		A3B76AEA227D043E00282ECB /* FEED */ = {
			isa = PBXGroup;
			children = (
				7DFEF05C226361AF004F625F /* MessageResponsesStack.swift */,
				7DFEF05A2263617C004F625F /* MessageStackView.swift */,
			);
			name = FEED;
			sourceTree = "<group>";
		};
		A3B76AEB227D04F900282ECB /* ONBOARDING */ = {
			isa = PBXGroup;
			children = (
				A334098B2245701C004CBB2A /* Onboarding-ScreenSliderViewController.swift */,
				A316E708224AF18F00283547 /* Landing_Onboarding-ViewController.swift */,
				7D6B745E226028B5006F9CD1 /* Name_Onboarding-ViewController.swift */,
				7D6B746022602C56006F9CD1 /* Induction_Onboarding-ViewController.swift */,
				A33409A8224570B3004CBB2A /* Login-ViewController.swift */,
				7D6B745C2260286C006F9CD1 /* FinishCreatingAccountViewController.swift */,
			);
			name = ONBOARDING;
			sourceTree = "<group>";
		};
		A3B76AEC227D050900282ECB /* HOME */ = {
			isa = PBXGroup;
			children = (
				A33409AC224570BC004CBB2A /* Home-ViewController.swift */,
				A30EC35422565BEF0092A4E2 /* Message_Feed-ChildViewController.swift */,
				A30EC35222564FC60092A4E2 /* ActionList_Feed-ChildViewController.swift */,
			);
			name = HOME;
			sourceTree = "<group>";
		};
		A3B76AED227D051100282ECB /* MOOD */ = {
			isa = PBXGroup;
			children = (
				7D10F5E4226E5F590063CEB8 /* LoggingMood-ScreenSliderViewController.swift */,
				7D10F5E8226E60120063CEB8 /* Mood_LoggingMood-ViewController.swift */,
				7D10F5E6226E5FAE0063CEB8 /* Detail_LoggingMood-ViewController.swift */,
				7D10F5EA226E8C6A0063CEB8 /* Wildcard_LoggingMood-ViewController.swift */,
				7D10F5EC226E8D9D0063CEB8 /* Overview_LoggingMood-ViewController.swift */,
			);
			name = MOOD;
			sourceTree = "<group>";
		};
		A3B76AEE227D051600282ECB /* HIGHLIGHT */ = {
			isa = PBXGroup;
			children = (
				A33409AA224570B6004CBB2A /* HighlightsViewController.swift */,
				7DD6CC0F2266C02900F47E63 /* HighlightCell.swift */,
			);
			name = HIGHLIGHT;
			sourceTree = "<group>";
		};
		A3B76AEF227D051F00282ECB /* COMMUNITY */ = {
			isa = PBXGroup;
			children = (
				7DD6CC072266B6F300F47E63 /* CommunityViewController.swift */,
				7DD6CC092266B71500F47E63 /* FindCommunityViewController.swift */,
			);
			name = COMMUNITY;
			sourceTree = "<group>";
		};
		A3B76AF0227D052900282ECB /* ACTIONS */ = {
			isa = PBXGroup;
			children = (
				A33409B1224570D2004CBB2A /* ActionsViewController.swift */,
				7DD6CC1522673DA700F47E63 /* DailyActionSelectorViewController.swift */,
				7D187F112258D1A000A9E9AE /* ActionView.swift */,
			);
			name = ACTIONS;
			sourceTree = "<group>";
		};
		A3B76AF1227D053000282ECB /* SETTINGS */ = {
			isa = PBXGroup;
			children = (
				A33409B4224570D9004CBB2A /* SidebarViewController.swift */,
				A334099F224570A2004CBB2A /* AccountSettingsViewController.swift */,
				A33409A1224570A3004CBB2A /* AppSettingsViewController.swift */,
				A33409A0224570A3004CBB2A /* SettingsViewController.swift */,
				A33409AE224570BF004CBB2A /* CommunitiesViewController.swift */,
			);
			name = SETTINGS;
			sourceTree = "<group>";
		};
		A3B76AF2227D053500282ECB /* TAG */ = {
			isa = PBXGroup;
			children = (
				7DD6CBFF2266B51D00F47E63 /* TagViewController.swift */,
			);
			name = TAG;
			sourceTree = "<group>";
		};
		A3B76AF3227D053A00282ECB /* INFORMATION SCREENS */ = {
			isa = PBXGroup;
			children = (
				7DD6CBFD2266B50300F47E63 /* Help.swift */,
			);
			name = "INFORMATION SCREENS";
			sourceTree = "<group>";
		};
		A3C860B6227B5DA9000D4034 /* Model Controllers */ = {
			isa = PBXGroup;
			children = (
				7DF14B46225F24870090D299 /* MoodManager.swift */,
				7DD6CBF122663B0900F47E63 /* EmotionManager.swift */,
				272325912260C92000BB6924 /* BackgroundManager.swift */,
				A3D75735225D4F1B00E87F67 /* ColorManager.swift */,
				7D7758D2225D878A003CCD1F /* InsightManager.swift */,
				7DD6CC032266B6C200F47E63 /* CommunityManager.swift */,
				7D7758CE225D872F003CCD1F /* FeedManager.swift */,
				7D7758D0225D8764003CCD1F /* HighlightManager.swift */,
				A35EA86222456FB500592D88 /* AccountManager.swift */,
			);
			path = "Model Controllers";
			sourceTree = "<group>";
		};
		EF82DCB7677E74021FC39444 /* Frameworks */ = {
			isa = PBXGroup;
			children = (
				133C9E098A01664EBB5E301E /* Pods_Self.framework */,
			);
			name = Frameworks;
			sourceTree = "<group>";
		};
/* End PBXGroup section */

/* Begin PBXNativeTarget section */
		A3438E7422456A1C004D21BB /* Self */ = {
			isa = PBXNativeTarget;
			buildConfigurationList = A3438E8722456A1D004D21BB /* Build configuration list for PBXNativeTarget "Self" */;
			buildPhases = (
				C90B05CD96C5495D117AB362 /* [CP] Check Pods Manifest.lock */,
				272325932260D21F00BB6924 /* Script */,
				A3438E7122456A1C004D21BB /* Sources */,
				A3438E7222456A1C004D21BB /* Frameworks */,
				A3438E7322456A1C004D21BB /* Resources */,
				0A0B1AC764327F4E133F1E7D /* [CP] Embed Pods Frameworks */,
			);
			buildRules = (
			);
			dependencies = (
			);
			name = Self;
			productName = Self;
			productReference = A3438E7522456A1C004D21BB /* Self.app */;
			productType = "com.apple.product-type.application";
		};
/* End PBXNativeTarget section */

/* Begin PBXProject section */
		A3438E6D22456A1C004D21BB /* Project object */ = {
			isa = PBXProject;
			attributes = {
				LastSwiftUpdateCheck = 1000;
				LastUpgradeCheck = 1000;
				ORGANIZATIONNAME = "Jamie De Vivo";
				TargetAttributes = {
					A3438E7422456A1C004D21BB = {
						CreatedOnToolsVersion = 10.0;
						LastSwiftMigration = 1020;
					};
				};
			};
			buildConfigurationList = A3438E7022456A1C004D21BB /* Build configuration list for PBXProject "Self" */;
			compatibilityVersion = "Xcode 10.0";
			developmentRegion = en;
			hasScannedForEncodings = 0;
			knownRegions = (
				en,
				Base,
			);
			mainGroup = A3438E6C22456A1C004D21BB;
			productRefGroup = A3438E7622456A1C004D21BB /* Products */;
			projectDirPath = "";
			projectRoot = "";
			targets = (
				A3438E7422456A1C004D21BB /* Self */,
			);
		};
/* End PBXProject section */

/* Begin PBXResourcesBuildPhase section */
		A3438E7322456A1C004D21BB /* Resources */ = {
			isa = PBXResourcesBuildPhase;
			buildActionMask = 2147483647;
			files = (
				A3438E9D22456BBC004D21BB /* Assets.xcassets in Resources */,
				A3169F93224C4D98001B7C90 /* GoogleService-Info.plist in Resources */,
				A30F5419227C608200306AAA /* goal.json in Resources */,
				A30F5417227C5D8400306AAA /* heart.json in Resources */,
				A30F5415227C5D6800306AAA /* profile.json in Resources */,
			);
			runOnlyForDeploymentPostprocessing = 0;
		};
/* End PBXResourcesBuildPhase section */

/* Begin PBXShellScriptBuildPhase section */
		0A0B1AC764327F4E133F1E7D /* [CP] Embed Pods Frameworks */ = {
			isa = PBXShellScriptBuildPhase;
			buildActionMask = 2147483647;
			files = (
			);
			inputFileListPaths = (
			);
			inputPaths = (
				"${PODS_ROOT}/Target Support Files/Pods-Self/Pods-Self-frameworks.sh",
				"${BUILT_PRODUCTS_DIR}/BoringSSL-GRPC/openssl_grpc.framework",
				"${BUILT_PRODUCTS_DIR}/GTMSessionFetcher/GTMSessionFetcher.framework",
				"${BUILT_PRODUCTS_DIR}/GoogleUtilities/GoogleUtilities.framework",
				"${BUILT_PRODUCTS_DIR}/MarqueeLabel/MarqueeLabel.framework",
				"${BUILT_PRODUCTS_DIR}/NotificationBannerSwift/NotificationBannerSwift.framework",
				"${BUILT_PRODUCTS_DIR}/Protobuf/Protobuf.framework",
				"${BUILT_PRODUCTS_DIR}/SnapKit/SnapKit.framework",
				"${BUILT_PRODUCTS_DIR}/gRPC-C++/grpcpp.framework",
				"${BUILT_PRODUCTS_DIR}/gRPC-Core/grpc.framework",
				"${BUILT_PRODUCTS_DIR}/leveldb-library/leveldb.framework",
				"${BUILT_PRODUCTS_DIR}/lottie-ios/Lottie.framework",
				"${BUILT_PRODUCTS_DIR}/nanopb/nanopb.framework",
			);
			name = "[CP] Embed Pods Frameworks";
			outputFileListPaths = (
			);
			outputPaths = (
				"${TARGET_BUILD_DIR}/${FRAMEWORKS_FOLDER_PATH}/openssl_grpc.framework",
				"${TARGET_BUILD_DIR}/${FRAMEWORKS_FOLDER_PATH}/GTMSessionFetcher.framework",
				"${TARGET_BUILD_DIR}/${FRAMEWORKS_FOLDER_PATH}/GoogleUtilities.framework",
				"${TARGET_BUILD_DIR}/${FRAMEWORKS_FOLDER_PATH}/MarqueeLabel.framework",
				"${TARGET_BUILD_DIR}/${FRAMEWORKS_FOLDER_PATH}/NotificationBannerSwift.framework",
				"${TARGET_BUILD_DIR}/${FRAMEWORKS_FOLDER_PATH}/Protobuf.framework",
				"${TARGET_BUILD_DIR}/${FRAMEWORKS_FOLDER_PATH}/SnapKit.framework",
				"${TARGET_BUILD_DIR}/${FRAMEWORKS_FOLDER_PATH}/grpcpp.framework",
				"${TARGET_BUILD_DIR}/${FRAMEWORKS_FOLDER_PATH}/grpc.framework",
				"${TARGET_BUILD_DIR}/${FRAMEWORKS_FOLDER_PATH}/leveldb.framework",
				"${TARGET_BUILD_DIR}/${FRAMEWORKS_FOLDER_PATH}/Lottie.framework",
				"${TARGET_BUILD_DIR}/${FRAMEWORKS_FOLDER_PATH}/nanopb.framework",
			);
			runOnlyForDeploymentPostprocessing = 0;
			shellPath = /bin/sh;
			shellScript = "\"${PODS_ROOT}/Target Support Files/Pods-Self/Pods-Self-frameworks.sh\"\n";
			showEnvVarsInLog = 0;
		};
		272325932260D21F00BB6924 /* Script */ = {
			isa = PBXShellScriptBuildPhase;
			buildActionMask = 2147483647;
			files = (
			);
			inputFileListPaths = (
			);
			inputPaths = (
			);
			name = Script;
			outputFileListPaths = (
			);
			outputPaths = (
			);
			runOnlyForDeploymentPostprocessing = 0;
			shellPath = /bin/sh;
			shellScript = "TAGS=\"TODO:|FIXME:|WARNING:\"\nERRORTAG=\"ERROR:\"\nfind \"${SRCROOT}\" \\( -name \"*.swift\" \\) -not -path \"${SRCROOT}/Pods/*|${SRCROOT}/Frameworks/*\" -print0 | xargs -0 egrep --with-filename --line-number --only-matching \"($TAGS).*\\$|($ERRORTAG).*\\$\" | perl -p -e \"s/($TAGS)/ warning: \\$1/\"| perl -p -e \"s/($ERRORTAG)/ error: \\$1/\"\n";
		};
		C90B05CD96C5495D117AB362 /* [CP] Check Pods Manifest.lock */ = {
			isa = PBXShellScriptBuildPhase;
			buildActionMask = 2147483647;
			files = (
			);
			inputFileListPaths = (
			);
			inputPaths = (
				"${PODS_PODFILE_DIR_PATH}/Podfile.lock",
				"${PODS_ROOT}/Manifest.lock",
			);
			name = "[CP] Check Pods Manifest.lock";
			outputFileListPaths = (
			);
			outputPaths = (
				"$(DERIVED_FILE_DIR)/Pods-Self-checkManifestLockResult.txt",
			);
			runOnlyForDeploymentPostprocessing = 0;
			shellPath = /bin/sh;
			shellScript = "diff \"${PODS_PODFILE_DIR_PATH}/Podfile.lock\" \"${PODS_ROOT}/Manifest.lock\" > /dev/null\nif [ $? != 0 ] ; then\n    # print error to STDERR\n    echo \"error: The sandbox is not in sync with the Podfile.lock. Run 'pod install' or update your CocoaPods installation.\" >&2\n    exit 1\nfi\n# This output is used by Xcode 'outputs' to avoid re-running this script phase.\necho \"SUCCESS\" > \"${SCRIPT_OUTPUT_FILE_0}\"\n";
			showEnvVarsInLog = 0;
		};
/* End PBXShellScriptBuildPhase section */

/* Begin PBXSourcesBuildPhase section */
		A3438E7122456A1C004D21BB /* Sources */ = {
			isa = PBXSourcesBuildPhase;
			buildActionMask = 2147483647;
			files = (
				7DDF39232261929B00C761B4 /* LabelExtensions.swift in Sources */,
				7DFEF05D226361AF004F625F /* MessageResponsesStack.swift in Sources */,
				A3D7572C225D1F9C00E87F67 /* AccountUser.swift in Sources */,
				A35EA85B22456F9700592D88 /* ActionLog.swift in Sources */,
				7D47AC68225FD380004BF898 /* Button.swift in Sources */,
				7D8E4325227E5EF300243139 /* Sentiment.swift in Sources */,
				7D47AC6F22600DCF004BF898 /* Textfield.swift in Sources */,
				7D10F5ED226E8D9D0063CEB8 /* Overview_LoggingMood-ViewController.swift in Sources */,
				A3CF950B224D4B4600D0EC31 /* Colours.swift in Sources */,
				7DD6CC082266B6F300F47E63 /* CommunityViewController.swift in Sources */,
				7D10F5E9226E60120063CEB8 /* Mood_LoggingMood-ViewController.swift in Sources */,
				7DD6CC1422672E3600F47E63 /* Achivement-Protocol.swift in Sources */,
				7D10F5E1226DEEC50063CEB8 /* UIView+Shake-Extension.swift in Sources */,
				7D6B745D2260286C006F9CD1 /* FinishCreatingAccountViewController.swift in Sources */,
				7DF14B4D225F25A00090D299 /* Tag.swift in Sources */,
				A3438E9822456B86004D21BB /* AppDelegate.swift in Sources */,
				A3438E9A22456B86004D21BB /* AppContainerViewController.swift in Sources */,
				7D7758CF225D872F003CCD1F /* FeedManager.swift in Sources */,
				7D10F5DD226DCF760063CEB8 /* TextFieldWithLabel.swift in Sources */,
				A3CF9514224E714600D0EC31 /* MoodLog.swift in Sources */,
				A3D75724225CD5A900E87F67 /* ScreenHeaderLabel.swift in Sources */,
				7DDF392722625F1500C761B4 /* AccountFlags.swift in Sources */,
				7DD6CBEA226630D200F47E63 /* MoodWildcard.swift in Sources */,
				A33409B7224570DA004CBB2A /* SidebarViewController.swift in Sources */,
				7DF14B5D225F36CD0090D299 /* Account.swift in Sources */,
				7D10F5E5226E5F590063CEB8 /* LoggingMood-ScreenSliderViewController.swift in Sources */,
				7DD6CC1D2269122600F47E63 /* UIViewController+ChildViewControllers-Extension.swift in Sources */,
				7D8E432F227E971900243139 /* ActionsUserLogs.swift in Sources */,
				A3D75736225D4F1B00E87F67 /* ColorManager.swift in Sources */,
				7DD6CBF222663B0900F47E63 /* EmotionManager.swift in Sources */,
				7D8E432B227E803600243139 /* FeedStatus.swift in Sources */,
				A35EA86E22456FB800592D88 /* ViewBuilding.swift in Sources */,
				A33409902245701D004CBB2A /* LandingSlide-View.swift in Sources */,
				A3D75726225CEEFC00E87F67 /* SectionHeaderLabel.swift in Sources */,
				A3CF950D224D7EEB00D0EC31 /* Highlight.swift in Sources */,
				7DD6CC0A2266B71500F47E63 /* FindCommunityViewController.swift in Sources */,
				7D7758D5225D87B0003CCD1F /* Actions.swift in Sources */,
				7DD6CC002266B51D00F47E63 /* TagViewController.swift in Sources */,
				7DD6CC182268B71600F47E63 /* ViewSliderViewController.swift in Sources */,
				7D8E4321227E5B2000243139 /* Mood.swift in Sources */,
				7DD6CC102266C02900F47E63 /* HighlightCell.swift in Sources */,
				A316E709224AF18F00283547 /* Landing_Onboarding-ViewController.swift in Sources */,
				7D7758D1225D8764003CCD1F /* HighlightManager.swift in Sources */,
				7DF14B59225F2D170090D299 /* FeedStatusResponse.swift in Sources */,
				A33409912245701D004CBB2A /* Onboarding-ScreenSliderViewController.swift in Sources */,
				7DF14B49225F24A10090D299 /* Insight.swift in Sources */,
				7D10F5E3226DF2E70063CEB8 /* String+Trim-Extension.swift in Sources */,
				A3CF9516224E9C8900D0EC31 /* FeedStatusMessage.swift in Sources */,
				7DF14B5B225F32450090D299 /* AccountSettings.swift in Sources */,
				7DDF39292262B75300C761B4 /* AccountSettingsFeatures.swift in Sources */,
				A33409B6224570DA004CBB2A /* DashboardNavigationController.swift in Sources */,
				7DFEF05B2263617C004F625F /* MessageStackView.swift in Sources */,
				A33409AF224570BF004CBB2A /* CommunitiesViewController.swift in Sources */,
				A33409B8224570DA004CBB2A /* DashboardTabBarController.swift in Sources */,
				A33409AB224570B6004CBB2A /* HighlightsViewController.swift in Sources */,
				7D10F5E7226E5FAE0063CEB8 /* Detail_LoggingMood-ViewController.swift in Sources */,
				7D6B745F226028B5006F9CD1 /* Name_Onboarding-ViewController.swift in Sources */,
				7DD6CC0E2266B97D00F47E63 /* Buttons.swift in Sources */,
				272325922260C92000BB6924 /* BackgroundManager.swift in Sources */,
				A30EC35522565BEF0092A4E2 /* Message_Feed-ChildViewController.swift in Sources */,
				7D8E4329227E62E700243139 /* HighlightLog.swift in Sources */,
				A3683567226E0B0D005C8600 /* PageIndicator.swift in Sources */,
				A35EA86D22456FB800592D88 /* AppManager.swift in Sources */,
				7DF14B47225F24870090D299 /* MoodManager.swift in Sources */,
				7D187F122258D1A000A9E9AE /* ActionView.swift in Sources */,
				7DD6CC1222672E1B00F47E63 /* Loading-Protocol.swift in Sources */,
				7D47AC7122601349004BF898 /* ViewController.swift in Sources */,
				A3CF9509224D486200D0EC31 /* DashboardButton.swift in Sources */,
				A30EC35322564FC60092A4E2 /* ActionList_Feed-ChildViewController.swift in Sources */,
				7D10F5EB226E8C6A0063CEB8 /* Wildcard_LoggingMood-ViewController.swift in Sources */,
				A33409A5224570A4004CBB2A /* AppSettingsViewController.swift in Sources */,
				7D8E4323227E5D0100243139 /* Feed.swift in Sources */,
				7DD6CC1622673DA700F47E63 /* DailyActionSelectorViewController.swift in Sources */,
				7D10F5DF226DDC700063CEB8 /* UIView+TapGestureRecogniser-Extension.swift in Sources */,
				7D6B746122602C56006F9CD1 /* Induction_Onboarding-ViewController.swift in Sources */,
				A33409A3224570A4004CBB2A /* AccountSettingsViewController.swift in Sources */,
				A334099522457023004CBB2A /* Loader.swift in Sources */,
				A33409A9224570B3004CBB2A /* Login-ViewController.swift in Sources */,
				A3683569226E1B5D005C8600 /* ScreenSliderViewController-Protocol.swift in Sources */,
				A35EA86B22456FB800592D88 /* AccountManager.swift in Sources */,
				7DD6CC062266B6CF00F47E63 /* Community.swift in Sources */,
				7D8E432D227E852D00243139 /* ActionInfo.swift in Sources */,
				7DF14B55225F2B940090D299 /* AccountSettingsNotifications.swift in Sources */,
				7DD6CC1B2269120C00F47E63 /* UIViewController+KeyboardBehaviour-Extension.swift in Sources */,
				7D7758D3225D878A003CCD1F /* InsightManager.swift in Sources */,
				7D6B7463226030C0006F9CD1 /* ScreenSliderViewController.swift in Sources */,
				7DF14B51225F296C0090D299 /* MoodEmotion.swift in Sources */,
				7DD6CC042266B6C200F47E63 /* CommunityManager.swift in Sources */,
				A33409AD224570BC004CBB2A /* Home-ViewController.swift in Sources */,
				A368356B226E1BB4005C8600 /* DataCollectionSequenceDelegate-Protocol.swift in Sources */,
				A33409B2224570D2004CBB2A /* ActionsViewController.swift in Sources */,
				A3B76ADB227CE7CB00282ECB /* SentimentLog.swift in Sources */,
				A33409A4224570A4004CBB2A /* SettingsViewController.swift in Sources */,
				7DD6CBFE2266B50300F47E63 /* Help.swift in Sources */,
			);
			runOnlyForDeploymentPostprocessing = 0;
		};
/* End PBXSourcesBuildPhase section */

/* Begin XCBuildConfiguration section */
		A3438E8522456A1D004D21BB /* Debug */ = {
			isa = XCBuildConfiguration;
			buildSettings = {
				ALWAYS_SEARCH_USER_PATHS = NO;
				CLANG_ANALYZER_NONNULL = YES;
				CLANG_ANALYZER_NUMBER_OBJECT_CONVERSION = YES_AGGRESSIVE;
				CLANG_CXX_LANGUAGE_STANDARD = "gnu++14";
				CLANG_CXX_LIBRARY = "libc++";
				CLANG_ENABLE_MODULES = YES;
				CLANG_ENABLE_OBJC_ARC = YES;
				CLANG_ENABLE_OBJC_WEAK = YES;
				CLANG_WARN_BLOCK_CAPTURE_AUTORELEASING = YES;
				CLANG_WARN_BOOL_CONVERSION = YES;
				CLANG_WARN_COMMA = YES;
				CLANG_WARN_CONSTANT_CONVERSION = YES;
				CLANG_WARN_DEPRECATED_OBJC_IMPLEMENTATIONS = YES;
				CLANG_WARN_DIRECT_OBJC_ISA_USAGE = YES_ERROR;
				CLANG_WARN_DOCUMENTATION_COMMENTS = YES;
				CLANG_WARN_EMPTY_BODY = YES;
				CLANG_WARN_ENUM_CONVERSION = YES;
				CLANG_WARN_INFINITE_RECURSION = YES;
				CLANG_WARN_INT_CONVERSION = YES;
				CLANG_WARN_NON_LITERAL_NULL_CONVERSION = YES;
				CLANG_WARN_OBJC_IMPLICIT_RETAIN_SELF = YES;
				CLANG_WARN_OBJC_LITERAL_CONVERSION = YES;
				CLANG_WARN_OBJC_ROOT_CLASS = YES_ERROR;
				CLANG_WARN_RANGE_LOOP_ANALYSIS = YES;
				CLANG_WARN_STRICT_PROTOTYPES = YES;
				CLANG_WARN_SUSPICIOUS_MOVE = YES;
				CLANG_WARN_UNGUARDED_AVAILABILITY = YES_AGGRESSIVE;
				CLANG_WARN_UNREACHABLE_CODE = YES;
				CLANG_WARN__DUPLICATE_METHOD_MATCH = YES;
				CODE_SIGN_IDENTITY = "iPhone Developer";
				COPY_PHASE_STRIP = NO;
				DEBUG_INFORMATION_FORMAT = dwarf;
				ENABLE_STRICT_OBJC_MSGSEND = YES;
				ENABLE_TESTABILITY = YES;
				GCC_C_LANGUAGE_STANDARD = gnu11;
				GCC_DYNAMIC_NO_PIC = NO;
				GCC_NO_COMMON_BLOCKS = YES;
				GCC_OPTIMIZATION_LEVEL = 0;
				GCC_PREPROCESSOR_DEFINITIONS = (
					"DEBUG=1",
					"$(inherited)",
				);
				GCC_WARN_64_TO_32_BIT_CONVERSION = YES;
				GCC_WARN_ABOUT_RETURN_TYPE = YES_ERROR;
				GCC_WARN_UNDECLARED_SELECTOR = YES;
				GCC_WARN_UNINITIALIZED_AUTOS = YES_AGGRESSIVE;
				GCC_WARN_UNUSED_FUNCTION = YES;
				GCC_WARN_UNUSED_VARIABLE = YES;
				IPHONEOS_DEPLOYMENT_TARGET = 12.0;
				MTL_ENABLE_DEBUG_INFO = INCLUDE_SOURCE;
				MTL_FAST_MATH = YES;
				ONLY_ACTIVE_ARCH = YES;
				SDKROOT = iphoneos;
				SWIFT_ACTIVE_COMPILATION_CONDITIONS = DEBUG;
				SWIFT_OPTIMIZATION_LEVEL = "-Onone";
			};
			name = Debug;
		};
		A3438E8622456A1D004D21BB /* Release */ = {
			isa = XCBuildConfiguration;
			buildSettings = {
				ALWAYS_SEARCH_USER_PATHS = NO;
				CLANG_ANALYZER_NONNULL = YES;
				CLANG_ANALYZER_NUMBER_OBJECT_CONVERSION = YES_AGGRESSIVE;
				CLANG_CXX_LANGUAGE_STANDARD = "gnu++14";
				CLANG_CXX_LIBRARY = "libc++";
				CLANG_ENABLE_MODULES = YES;
				CLANG_ENABLE_OBJC_ARC = YES;
				CLANG_ENABLE_OBJC_WEAK = YES;
				CLANG_WARN_BLOCK_CAPTURE_AUTORELEASING = YES;
				CLANG_WARN_BOOL_CONVERSION = YES;
				CLANG_WARN_COMMA = YES;
				CLANG_WARN_CONSTANT_CONVERSION = YES;
				CLANG_WARN_DEPRECATED_OBJC_IMPLEMENTATIONS = YES;
				CLANG_WARN_DIRECT_OBJC_ISA_USAGE = YES_ERROR;
				CLANG_WARN_DOCUMENTATION_COMMENTS = YES;
				CLANG_WARN_EMPTY_BODY = YES;
				CLANG_WARN_ENUM_CONVERSION = YES;
				CLANG_WARN_INFINITE_RECURSION = YES;
				CLANG_WARN_INT_CONVERSION = YES;
				CLANG_WARN_NON_LITERAL_NULL_CONVERSION = YES;
				CLANG_WARN_OBJC_IMPLICIT_RETAIN_SELF = YES;
				CLANG_WARN_OBJC_LITERAL_CONVERSION = YES;
				CLANG_WARN_OBJC_ROOT_CLASS = YES_ERROR;
				CLANG_WARN_RANGE_LOOP_ANALYSIS = YES;
				CLANG_WARN_STRICT_PROTOTYPES = YES;
				CLANG_WARN_SUSPICIOUS_MOVE = YES;
				CLANG_WARN_UNGUARDED_AVAILABILITY = YES_AGGRESSIVE;
				CLANG_WARN_UNREACHABLE_CODE = YES;
				CLANG_WARN__DUPLICATE_METHOD_MATCH = YES;
				CODE_SIGN_IDENTITY = "iPhone Developer";
				COPY_PHASE_STRIP = NO;
				DEBUG_INFORMATION_FORMAT = "dwarf-with-dsym";
				ENABLE_NS_ASSERTIONS = NO;
				ENABLE_STRICT_OBJC_MSGSEND = YES;
				GCC_C_LANGUAGE_STANDARD = gnu11;
				GCC_NO_COMMON_BLOCKS = YES;
				GCC_WARN_64_TO_32_BIT_CONVERSION = YES;
				GCC_WARN_ABOUT_RETURN_TYPE = YES_ERROR;
				GCC_WARN_UNDECLARED_SELECTOR = YES;
				GCC_WARN_UNINITIALIZED_AUTOS = YES_AGGRESSIVE;
				GCC_WARN_UNUSED_FUNCTION = YES;
				GCC_WARN_UNUSED_VARIABLE = YES;
				IPHONEOS_DEPLOYMENT_TARGET = 12.0;
				MTL_ENABLE_DEBUG_INFO = NO;
				MTL_FAST_MATH = YES;
				SDKROOT = iphoneos;
				SWIFT_COMPILATION_MODE = wholemodule;
				SWIFT_OPTIMIZATION_LEVEL = "-O";
				VALIDATE_PRODUCT = YES;
			};
			name = Release;
		};
		A3438E8822456A1D004D21BB /* Debug */ = {
			isa = XCBuildConfiguration;
			baseConfigurationReference = A774790F0D0CC9D95855193F /* Pods-Self.debug.xcconfig */;
			buildSettings = {
				ASSETCATALOG_COMPILER_APPICON_NAME = AppIcon;
				CLANG_ENABLE_MODULES = YES;
				CODE_SIGN_STYLE = Automatic;
				DEVELOPMENT_TEAM = 95F452WV2M;
				INFOPLIST_FILE = Self/Info.plist;
				IPHONEOS_DEPLOYMENT_TARGET = 12.0;
				LD_RUNPATH_SEARCH_PATHS = (
					"$(inherited)",
					"@executable_path/Frameworks",
				);
				PRODUCT_BUNDLE_IDENTIFIER = com.jamiedevivo.self;
				PRODUCT_NAME = "$(TARGET_NAME)";
				SWIFT_OPTIMIZATION_LEVEL = "-Onone";
				SWIFT_VERSION = 4.2;
				TARGETED_DEVICE_FAMILY = 1;
			};
			name = Debug;
		};
		A3438E8922456A1D004D21BB /* Release */ = {
			isa = XCBuildConfiguration;
			baseConfigurationReference = 3195708A3A9E109844A87C3E /* Pods-Self.release.xcconfig */;
			buildSettings = {
				ASSETCATALOG_COMPILER_APPICON_NAME = AppIcon;
				CLANG_ENABLE_MODULES = YES;
				CODE_SIGN_STYLE = Automatic;
				DEVELOPMENT_TEAM = 95F452WV2M;
				INFOPLIST_FILE = Self/Info.plist;
				IPHONEOS_DEPLOYMENT_TARGET = 12.0;
				LD_RUNPATH_SEARCH_PATHS = (
					"$(inherited)",
					"@executable_path/Frameworks",
				);
				PRODUCT_BUNDLE_IDENTIFIER = com.jamiedevivo.self;
				PRODUCT_NAME = "$(TARGET_NAME)";
				SWIFT_VERSION = 4.2;
				TARGETED_DEVICE_FAMILY = 1;
			};
			name = Release;
		};
/* End XCBuildConfiguration section */

/* Begin XCConfigurationList section */
		A3438E7022456A1C004D21BB /* Build configuration list for PBXProject "Self" */ = {
			isa = XCConfigurationList;
			buildConfigurations = (
				A3438E8522456A1D004D21BB /* Debug */,
				A3438E8622456A1D004D21BB /* Release */,
			);
			defaultConfigurationIsVisible = 0;
			defaultConfigurationName = Debug;
		};
		A3438E8722456A1D004D21BB /* Build configuration list for PBXNativeTarget "Self" */ = {
			isa = XCConfigurationList;
			buildConfigurations = (
				A3438E8822456A1D004D21BB /* Debug */,
				A3438E8922456A1D004D21BB /* Release */,
			);
			defaultConfigurationIsVisible = 0;
			defaultConfigurationName = Debug;
		};
/* End XCConfigurationList section */
	};
	rootObject = A3438E6D22456A1C004D21BB /* Project object */;
}
