// !$*UTF8*$!
{
	archiveVersion = 1;
	classes = {
	};
	objectVersion = 50;
	objects = {

/* Begin PBXBuildFile section */
		0133BF95A558A413460390CC /* Pods_me.framework in Frameworks */ = {isa = PBXBuildFile; fileRef = 4819253A6EF56304B1310F1B /* Pods_me.framework */; };
		A31B945D221C46A00011C0B5 /* AccountManager.swift in Sources */ = {isa = PBXBuildFile; fileRef = A31B945C221C46A00011C0B5 /* AccountManager.swift */; };
		A31B9461221CB9900011C0B5 /* HomeViewController.swift in Sources */ = {isa = PBXBuildFile; fileRef = A31B9460221CB9900011C0B5 /* HomeViewController.swift */; };
		A31B9463221CBCFC0011C0B5 /* JournalViewController.swift in Sources */ = {isa = PBXBuildFile; fileRef = A31B9462221CBCFC0011C0B5 /* JournalViewController.swift */; };
		A31B9465221CBD030011C0B5 /* ChallengesViewController.swift in Sources */ = {isa = PBXBuildFile; fileRef = A31B9464221CBD030011C0B5 /* ChallengesViewController.swift */; };
		A31B946B221CE82C0011C0B5 /* Profile.swift in Sources */ = {isa = PBXBuildFile; fileRef = A31B946A221CE82C0011C0B5 /* Profile.swift */; };
		A32CAEDB22148D9300B7269F /* AppDelegate.swift in Sources */ = {isa = PBXBuildFile; fileRef = A32CAEDA22148D9300B7269F /* AppDelegate.swift */; };
		A32CAEE222148D9400B7269F /* Assets.xcassets in Resources */ = {isa = PBXBuildFile; fileRef = A32CAEE122148D9400B7269F /* Assets.xcassets */; };
		A338E80022255E1F0069004A /* User.swift in Sources */ = {isa = PBXBuildFile; fileRef = A338E7FF22255E1F0069004A /* User.swift */; };
		A338E80222256C3C0069004A /* Me.swift in Sources */ = {isa = PBXBuildFile; fileRef = A338E80122256C3C0069004A /* Me.swift */; };
		A347D6E3221B5CAC0011B98E /* AccountSettingsViewController.swift in Sources */ = {isa = PBXBuildFile; fileRef = A347D6E2221B5CAC0011B98E /* AccountSettingsViewController.swift */; };
		A3514834221D8F19002BA1A4 /* LoggedInViewController.swift in Sources */ = {isa = PBXBuildFile; fileRef = A3514833221D8F19002BA1A4 /* LoggedInViewController.swift */; };
		A3514836221D9064002BA1A4 /* SidebarViewController.swift in Sources */ = {isa = PBXBuildFile; fileRef = A3514835221D9064002BA1A4 /* SidebarViewController.swift */; };
		A351483A221DB802002BA1A4 /* OnboardingViewController.swift in Sources */ = {isa = PBXBuildFile; fileRef = A3514839221DB802002BA1A4 /* OnboardingViewController.swift */; };
		A351483C221DBBC8002BA1A4 /* Onboarding2ViewController.swift in Sources */ = {isa = PBXBuildFile; fileRef = A351483B221DBBC8002BA1A4 /* Onboarding2ViewController.swift */; };
		A351483E221DBBE6002BA1A4 /* Onboarding3ViewController.swift in Sources */ = {isa = PBXBuildFile; fileRef = A351483D221DBBE6002BA1A4 /* Onboarding3ViewController.swift */; };
		A3514840221DBBEF002BA1A4 /* Onboarding4ViewController.swift in Sources */ = {isa = PBXBuildFile; fileRef = A351483F221DBBEF002BA1A4 /* Onboarding4ViewController.swift */; };
		A3514842221DBC27002BA1A4 /* Onboarding5ViewController.swift in Sources */ = {isa = PBXBuildFile; fileRef = A3514841221DBC27002BA1A4 /* Onboarding5ViewController.swift */; };
		A3514844221DBC5C002BA1A4 /* Onboarding1ViewController.swift in Sources */ = {isa = PBXBuildFile; fileRef = A3514843221DBC5C002BA1A4 /* Onboarding1ViewController.swift */; };
		A36178F82224214A00B259C9 /* CommunitiesViewController.swift in Sources */ = {isa = PBXBuildFile; fileRef = A36178F72224214A00B259C9 /* CommunitiesViewController.swift */; };
		A37297022219FA5500AE8480 /* LoginViewController.swift in Sources */ = {isa = PBXBuildFile; fileRef = A37297012219FA5500AE8480 /* LoginViewController.swift */; };
		A37297042219FC4E00AE8480 /* AppContainerViewController.swift in Sources */ = {isa = PBXBuildFile; fileRef = A37297032219FC4E00AE8480 /* AppContainerViewController.swift */; };
		A37297062219FCC100AE8480 /* AppManager.swift in Sources */ = {isa = PBXBuildFile; fileRef = A37297052219FCC100AE8480 /* AppManager.swift */; };
		A3729708221A1A9300AE8480 /* GoogleService-Info.plist in Resources */ = {isa = PBXBuildFile; fileRef = A3729707221A1A9300AE8480 /* GoogleService-Info.plist */; };
		A372970A221A1BD700AE8480 /* MainTabBarController.swift in Sources */ = {isa = PBXBuildFile; fileRef = A3729709221A1BD700AE8480 /* MainTabBarController.swift */; };
		A372970C221A1C3900AE8480 /* MainNavigationController.swift in Sources */ = {isa = PBXBuildFile; fileRef = A372970B221A1C3900AE8480 /* MainNavigationController.swift */; };
		A372970E221A28EE00AE8480 /* RegisterViewController.swift in Sources */ = {isa = PBXBuildFile; fileRef = A372970D221A28EE00AE8480 /* RegisterViewController.swift */; };
		A3729710221A2AD800AE8480 /* ProfileViewController.swift in Sources */ = {isa = PBXBuildFile; fileRef = A372970F221A2AD800AE8480 /* ProfileViewController.swift */; };
		A3729712221A2B3500AE8480 /* SettingsViewController.swift in Sources */ = {isa = PBXBuildFile; fileRef = A3729711221A2B3500AE8480 /* SettingsViewController.swift */; };
/* End PBXBuildFile section */

/* Begin PBXFileReference section */
		1923519CB64081F1E9663509 /* Pods-me.debug.xcconfig */ = {isa = PBXFileReference; includeInIndex = 1; lastKnownFileType = text.xcconfig; name = "Pods-me.debug.xcconfig"; path = "Pods/Target Support Files/Pods-me/Pods-me.debug.xcconfig"; sourceTree = "<group>"; };
		4819253A6EF56304B1310F1B /* Pods_me.framework */ = {isa = PBXFileReference; explicitFileType = wrapper.framework; includeInIndex = 0; path = Pods_me.framework; sourceTree = BUILT_PRODUCTS_DIR; };
		A31B945C221C46A00011C0B5 /* AccountManager.swift */ = {isa = PBXFileReference; lastKnownFileType = sourcecode.swift; path = AccountManager.swift; sourceTree = "<group>"; };
		A31B9460221CB9900011C0B5 /* HomeViewController.swift */ = {isa = PBXFileReference; fileEncoding = 4; lastKnownFileType = sourcecode.swift; path = HomeViewController.swift; sourceTree = "<group>"; };
		A31B9462221CBCFC0011C0B5 /* JournalViewController.swift */ = {isa = PBXFileReference; lastKnownFileType = sourcecode.swift; path = JournalViewController.swift; sourceTree = "<group>"; };
		A31B9464221CBD030011C0B5 /* ChallengesViewController.swift */ = {isa = PBXFileReference; lastKnownFileType = sourcecode.swift; path = ChallengesViewController.swift; sourceTree = "<group>"; };
		A31B946A221CE82C0011C0B5 /* Profile.swift */ = {isa = PBXFileReference; lastKnownFileType = sourcecode.swift; path = Profile.swift; sourceTree = "<group>"; };
		A32CAED722148D9300B7269F /* me.app */ = {isa = PBXFileReference; explicitFileType = wrapper.application; includeInIndex = 0; path = me.app; sourceTree = BUILT_PRODUCTS_DIR; };
		A32CAEDA22148D9300B7269F /* AppDelegate.swift */ = {isa = PBXFileReference; lastKnownFileType = sourcecode.swift; path = AppDelegate.swift; sourceTree = "<group>"; };
		A32CAEE122148D9400B7269F /* Assets.xcassets */ = {isa = PBXFileReference; lastKnownFileType = folder.assetcatalog; path = Assets.xcassets; sourceTree = "<group>"; };
		A32CAEE622148D9400B7269F /* Info.plist */ = {isa = PBXFileReference; lastKnownFileType = text.plist.xml; path = Info.plist; sourceTree = "<group>"; };
		A338E7FF22255E1F0069004A /* User.swift */ = {isa = PBXFileReference; lastKnownFileType = sourcecode.swift; path = User.swift; sourceTree = "<group>"; };
		A338E80122256C3C0069004A /* Me.swift */ = {isa = PBXFileReference; lastKnownFileType = sourcecode.swift; path = Me.swift; sourceTree = "<group>"; };
		A347D6E2221B5CAC0011B98E /* AccountSettingsViewController.swift */ = {isa = PBXFileReference; lastKnownFileType = sourcecode.swift; path = AccountSettingsViewController.swift; sourceTree = "<group>"; };
		A3514833221D8F19002BA1A4 /* LoggedInViewController.swift */ = {isa = PBXFileReference; lastKnownFileType = sourcecode.swift; path = LoggedInViewController.swift; sourceTree = "<group>"; };
		A3514835221D9064002BA1A4 /* SidebarViewController.swift */ = {isa = PBXFileReference; lastKnownFileType = sourcecode.swift; path = SidebarViewController.swift; sourceTree = "<group>"; };
		A3514839221DB802002BA1A4 /* OnboardingViewController.swift */ = {isa = PBXFileReference; lastKnownFileType = sourcecode.swift; path = OnboardingViewController.swift; sourceTree = "<group>"; };
		A351483B221DBBC8002BA1A4 /* Onboarding2ViewController.swift */ = {isa = PBXFileReference; lastKnownFileType = sourcecode.swift; path = Onboarding2ViewController.swift; sourceTree = "<group>"; };
		A351483D221DBBE6002BA1A4 /* Onboarding3ViewController.swift */ = {isa = PBXFileReference; lastKnownFileType = sourcecode.swift; path = Onboarding3ViewController.swift; sourceTree = "<group>"; };
		A351483F221DBBEF002BA1A4 /* Onboarding4ViewController.swift */ = {isa = PBXFileReference; lastKnownFileType = sourcecode.swift; path = Onboarding4ViewController.swift; sourceTree = "<group>"; };
		A3514841221DBC27002BA1A4 /* Onboarding5ViewController.swift */ = {isa = PBXFileReference; lastKnownFileType = sourcecode.swift; path = Onboarding5ViewController.swift; sourceTree = "<group>"; };
		A3514843221DBC5C002BA1A4 /* Onboarding1ViewController.swift */ = {isa = PBXFileReference; lastKnownFileType = sourcecode.swift; path = Onboarding1ViewController.swift; sourceTree = "<group>"; };
		A36178F72224214A00B259C9 /* CommunitiesViewController.swift */ = {isa = PBXFileReference; lastKnownFileType = sourcecode.swift; path = CommunitiesViewController.swift; sourceTree = "<group>"; };
		A37297012219FA5500AE8480 /* LoginViewController.swift */ = {isa = PBXFileReference; lastKnownFileType = sourcecode.swift; path = LoginViewController.swift; sourceTree = "<group>"; };
		A37297032219FC4E00AE8480 /* AppContainerViewController.swift */ = {isa = PBXFileReference; lastKnownFileType = sourcecode.swift; path = AppContainerViewController.swift; sourceTree = "<group>"; };
		A37297052219FCC100AE8480 /* AppManager.swift */ = {isa = PBXFileReference; lastKnownFileType = sourcecode.swift; path = AppManager.swift; sourceTree = "<group>"; };
		A3729707221A1A9300AE8480 /* GoogleService-Info.plist */ = {isa = PBXFileReference; fileEncoding = 4; lastKnownFileType = text.plist.xml; path = "GoogleService-Info.plist"; sourceTree = "<group>"; };
		A3729709221A1BD700AE8480 /* MainTabBarController.swift */ = {isa = PBXFileReference; lastKnownFileType = sourcecode.swift; path = MainTabBarController.swift; sourceTree = "<group>"; };
		A372970B221A1C3900AE8480 /* MainNavigationController.swift */ = {isa = PBXFileReference; lastKnownFileType = sourcecode.swift; path = MainNavigationController.swift; sourceTree = "<group>"; };
		A372970D221A28EE00AE8480 /* RegisterViewController.swift */ = {isa = PBXFileReference; lastKnownFileType = sourcecode.swift; path = RegisterViewController.swift; sourceTree = "<group>"; };
		A372970F221A2AD800AE8480 /* ProfileViewController.swift */ = {isa = PBXFileReference; lastKnownFileType = sourcecode.swift; path = ProfileViewController.swift; sourceTree = "<group>"; };
		A3729711221A2B3500AE8480 /* SettingsViewController.swift */ = {isa = PBXFileReference; lastKnownFileType = sourcecode.swift; path = SettingsViewController.swift; sourceTree = "<group>"; };
		F8437A567AAAEE749A4689D0 /* Pods-me.release.xcconfig */ = {isa = PBXFileReference; includeInIndex = 1; lastKnownFileType = text.xcconfig; name = "Pods-me.release.xcconfig"; path = "Pods/Target Support Files/Pods-me/Pods-me.release.xcconfig"; sourceTree = "<group>"; };
/* End PBXFileReference section */

/* Begin PBXFrameworksBuildPhase section */
		A32CAED422148D9300B7269F /* Frameworks */ = {
			isa = PBXFrameworksBuildPhase;
			buildActionMask = 2147483647;
			files = (
				0133BF95A558A413460390CC /* Pods_me.framework in Frameworks */,
			);
			runOnlyForDeploymentPostprocessing = 0;
		};
/* End PBXFrameworksBuildPhase section */

/* Begin PBXGroup section */
		705F29E977D1E594174B36C2 /* Pods */ = {
			isa = PBXGroup;
			children = (
				1923519CB64081F1E9663509 /* Pods-me.debug.xcconfig */,
				F8437A567AAAEE749A4689D0 /* Pods-me.release.xcconfig */,
			);
			name = Pods;
			sourceTree = "<group>";
		};
		A32CAECE22148D9300B7269F = {
			isa = PBXGroup;
			children = (
				A32CAED922148D9300B7269F /* me */,
				A32CAED822148D9300B7269F /* Products */,
				705F29E977D1E594174B36C2 /* Pods */,
				F0837E9680054EC36896EC9B /* Frameworks */,
			);
			sourceTree = "<group>";
		};
		A32CAED822148D9300B7269F /* Products */ = {
			isa = PBXGroup;
			children = (
				A32CAED722148D9300B7269F /* me.app */,
			);
			name = Products;
			sourceTree = "<group>";
		};
		A32CAED922148D9300B7269F /* me */ = {
			isa = PBXGroup;
			children = (
				A32CAEDA22148D9300B7269F /* AppDelegate.swift */,
				A37297052219FCC100AE8480 /* AppManager.swift */,
				A31B945C221C46A00011C0B5 /* AccountManager.swift */,
				A338E7FF22255E1F0069004A /* User.swift */,
				A31B946A221CE82C0011C0B5 /* Profile.swift */,
				A338E80122256C3C0069004A /* Me.swift */,
				A37297032219FC4E00AE8480 /* AppContainerViewController.swift */,
				A3729709221A1BD700AE8480 /* MainTabBarController.swift */,
				A372970B221A1C3900AE8480 /* MainNavigationController.swift */,
				A3514833221D8F19002BA1A4 /* LoggedInViewController.swift */,
				A3514835221D9064002BA1A4 /* SidebarViewController.swift */,
				A31B9460221CB9900011C0B5 /* HomeViewController.swift */,
				A31B9462221CBCFC0011C0B5 /* JournalViewController.swift */,
				A31B9464221CBD030011C0B5 /* ChallengesViewController.swift */,
				A36178F72224214A00B259C9 /* CommunitiesViewController.swift */,
				A372970F221A2AD800AE8480 /* ProfileViewController.swift */,
				A3729711221A2B3500AE8480 /* SettingsViewController.swift */,
				A347D6E2221B5CAC0011B98E /* AccountSettingsViewController.swift */,
				A37297012219FA5500AE8480 /* LoginViewController.swift */,
				A372970D221A28EE00AE8480 /* RegisterViewController.swift */,
				A3514839221DB802002BA1A4 /* OnboardingViewController.swift */,
				A3514843221DBC5C002BA1A4 /* Onboarding1ViewController.swift */,
				A351483B221DBBC8002BA1A4 /* Onboarding2ViewController.swift */,
				A351483D221DBBE6002BA1A4 /* Onboarding3ViewController.swift */,
				A351483F221DBBEF002BA1A4 /* Onboarding4ViewController.swift */,
				A3514841221DBC27002BA1A4 /* Onboarding5ViewController.swift */,
				A32CAEE122148D9400B7269F /* Assets.xcassets */,
				A32CAEE622148D9400B7269F /* Info.plist */,
				A3729707221A1A9300AE8480 /* GoogleService-Info.plist */,
			);
			path = me;
			sourceTree = "<group>";
		};
		F0837E9680054EC36896EC9B /* Frameworks */ = {
			isa = PBXGroup;
			children = (
				4819253A6EF56304B1310F1B /* Pods_me.framework */,
			);
			name = Frameworks;
			sourceTree = "<group>";
		};
/* End PBXGroup section */

/* Begin PBXNativeTarget section */
		A32CAED622148D9300B7269F /* me */ = {
			isa = PBXNativeTarget;
			buildConfigurationList = A32CAEE922148D9400B7269F /* Build configuration list for PBXNativeTarget "me" */;
			buildPhases = (
				0395DCAC9D3DF7B7A8051910 /* [CP] Check Pods Manifest.lock */,
				A32CAED322148D9300B7269F /* Sources */,
				A32CAED422148D9300B7269F /* Frameworks */,
				A32CAED522148D9300B7269F /* Resources */,
				3A60414B977813B13CA3FF8B /* [CP] Embed Pods Frameworks */,
			);
			buildRules = (
			);
			dependencies = (
			);
			name = me;
			productName = me;
			productReference = A32CAED722148D9300B7269F /* me.app */;
			productType = "com.apple.product-type.application";
		};
/* End PBXNativeTarget section */

/* Begin PBXProject section */
		A32CAECF22148D9300B7269F /* Project object */ = {
			isa = PBXProject;
			attributes = {
				LastSwiftUpdateCheck = 1000;
				LastUpgradeCheck = 1000;
				ORGANIZATIONNAME = "Jamie De Vivo";
				TargetAttributes = {
					A32CAED622148D9300B7269F = {
						CreatedOnToolsVersion = 10.0;
						LastSwiftMigration = 1000;
					};
				};
			};
			buildConfigurationList = A32CAED222148D9300B7269F /* Build configuration list for PBXProject "Me" */;
			compatibilityVersion = "Xcode 9.3";
			developmentRegion = en;
			hasScannedForEncodings = 0;
			knownRegions = (
				en,
				Base,
			);
			mainGroup = A32CAECE22148D9300B7269F;
			productRefGroup = A32CAED822148D9300B7269F /* Products */;
			projectDirPath = "";
			projectRoot = "";
			targets = (
				A32CAED622148D9300B7269F /* me */,
			);
		};
/* End PBXProject section */

/* Begin PBXResourcesBuildPhase section */
		A32CAED522148D9300B7269F /* Resources */ = {
			isa = PBXResourcesBuildPhase;
			buildActionMask = 2147483647;
			files = (
				A32CAEE222148D9400B7269F /* Assets.xcassets in Resources */,
				A3729708221A1A9300AE8480 /* GoogleService-Info.plist in Resources */,
			);
			runOnlyForDeploymentPostprocessing = 0;
		};
/* End PBXResourcesBuildPhase section */

/* Begin PBXShellScriptBuildPhase section */
		0395DCAC9D3DF7B7A8051910 /* [CP] Check Pods Manifest.lock */ = {
			isa = PBXShellScriptBuildPhase;
			buildActionMask = 2147483647;
			files = (
			);
			inputFileListPaths = (
			);
			inputPaths = (
				"${PODS_PODFILE_DIR_PATH}/Podfile.lock",
				"${PODS_ROOT}/Manifest.lock",
			);
			name = "[CP] Check Pods Manifest.lock";
			outputFileListPaths = (
			);
			outputPaths = (
				"$(DERIVED_FILE_DIR)/Pods-me-checkManifestLockResult.txt",
			);
			runOnlyForDeploymentPostprocessing = 0;
			shellPath = /bin/sh;
			shellScript = "diff \"${PODS_PODFILE_DIR_PATH}/Podfile.lock\" \"${PODS_ROOT}/Manifest.lock\" > /dev/null\nif [ $? != 0 ] ; then\n    # print error to STDERR\n    echo \"error: The sandbox is not in sync with the Podfile.lock. Run 'pod install' or update your CocoaPods installation.\" >&2\n    exit 1\nfi\n# This output is used by Xcode 'outputs' to avoid re-running this script phase.\necho \"SUCCESS\" > \"${SCRIPT_OUTPUT_FILE_0}\"\n";
			showEnvVarsInLog = 0;
		};
		3A60414B977813B13CA3FF8B /* [CP] Embed Pods Frameworks */ = {
			isa = PBXShellScriptBuildPhase;
			buildActionMask = 2147483647;
			files = (
			);
			inputFileListPaths = (
			);
			inputPaths = (
				"${SRCROOT}/Pods/Target Support Files/Pods-me/Pods-me-frameworks.sh",
				"${BUILT_PRODUCTS_DIR}/BoringSSL-GRPC/openssl_grpc.framework",
				"${BUILT_PRODUCTS_DIR}/GTMSessionFetcher/GTMSessionFetcher.framework",
				"${BUILT_PRODUCTS_DIR}/GoogleAPIClientForREST/GoogleAPIClientForREST.framework",
				"${BUILT_PRODUCTS_DIR}/GoogleToolboxForMac/GoogleToolboxForMac.framework",
				"${BUILT_PRODUCTS_DIR}/GoogleUtilities/GoogleUtilities.framework",
				"${BUILT_PRODUCTS_DIR}/Protobuf/Protobuf.framework",
				"${BUILT_PRODUCTS_DIR}/SnapKit/SnapKit.framework",
				"${BUILT_PRODUCTS_DIR}/gRPC-C++/grpcpp.framework",
				"${BUILT_PRODUCTS_DIR}/gRPC-Core/grpc.framework",
				"${BUILT_PRODUCTS_DIR}/leveldb-library/leveldb.framework",
				"${BUILT_PRODUCTS_DIR}/nanopb/nanopb.framework",
			);
			name = "[CP] Embed Pods Frameworks";
			outputFileListPaths = (
			);
			outputPaths = (
				"${TARGET_BUILD_DIR}/${FRAMEWORKS_FOLDER_PATH}/openssl_grpc.framework",
				"${TARGET_BUILD_DIR}/${FRAMEWORKS_FOLDER_PATH}/GTMSessionFetcher.framework",
				"${TARGET_BUILD_DIR}/${FRAMEWORKS_FOLDER_PATH}/GoogleAPIClientForREST.framework",
				"${TARGET_BUILD_DIR}/${FRAMEWORKS_FOLDER_PATH}/GoogleToolboxForMac.framework",
				"${TARGET_BUILD_DIR}/${FRAMEWORKS_FOLDER_PATH}/GoogleUtilities.framework",
				"${TARGET_BUILD_DIR}/${FRAMEWORKS_FOLDER_PATH}/Protobuf.framework",
				"${TARGET_BUILD_DIR}/${FRAMEWORKS_FOLDER_PATH}/SnapKit.framework",
				"${TARGET_BUILD_DIR}/${FRAMEWORKS_FOLDER_PATH}/grpcpp.framework",
				"${TARGET_BUILD_DIR}/${FRAMEWORKS_FOLDER_PATH}/grpc.framework",
				"${TARGET_BUILD_DIR}/${FRAMEWORKS_FOLDER_PATH}/leveldb.framework",
				"${TARGET_BUILD_DIR}/${FRAMEWORKS_FOLDER_PATH}/nanopb.framework",
			);
			runOnlyForDeploymentPostprocessing = 0;
			shellPath = /bin/sh;
			shellScript = "\"${SRCROOT}/Pods/Target Support Files/Pods-me/Pods-me-frameworks.sh\"\n";
			showEnvVarsInLog = 0;
		};
/* End PBXShellScriptBuildPhase section */

/* Begin PBXSourcesBuildPhase section */
		A32CAED322148D9300B7269F /* Sources */ = {
			isa = PBXSourcesBuildPhase;
			buildActionMask = 2147483647;
			files = (
				A37297022219FA5500AE8480 /* LoginViewController.swift in Sources */,
				A37297062219FCC100AE8480 /* AppManager.swift in Sources */,
				A31B9465221CBD030011C0B5 /* ChallengesViewController.swift in Sources */,
				A372970A221A1BD700AE8480 /* MainTabBarController.swift in Sources */,
				A3729712221A2B3500AE8480 /* SettingsViewController.swift in Sources */,
				A347D6E3221B5CAC0011B98E /* AccountSettingsViewController.swift in Sources */,
				A372970E221A28EE00AE8480 /* RegisterViewController.swift in Sources */,
				A3514844221DBC5C002BA1A4 /* Onboarding1ViewController.swift in Sources */,
				A351483A221DB802002BA1A4 /* OnboardingViewController.swift in Sources */,
				A338E80222256C3C0069004A /* Me.swift in Sources */,
				A32CAEDB22148D9300B7269F /* AppDelegate.swift in Sources */,
				A351483C221DBBC8002BA1A4 /* Onboarding2ViewController.swift in Sources */,
				A31B946B221CE82C0011C0B5 /* Profile.swift in Sources */,
				A3514836221D9064002BA1A4 /* SidebarViewController.swift in Sources */,
				A31B9461221CB9900011C0B5 /* HomeViewController.swift in Sources */,
				A31B9463221CBCFC0011C0B5 /* JournalViewController.swift in Sources */,
				A372970C221A1C3900AE8480 /* MainNavigationController.swift in Sources */,
				A3729710221A2AD800AE8480 /* ProfileViewController.swift in Sources */,
				A37297042219FC4E00AE8480 /* AppContainerViewController.swift in Sources */,
				A31B945D221C46A00011C0B5 /* AccountManager.swift in Sources */,
				A3514834221D8F19002BA1A4 /* LoggedInViewController.swift in Sources */,
				A338E80022255E1F0069004A /* User.swift in Sources */,
				A3514842221DBC27002BA1A4 /* Onboarding5ViewController.swift in Sources */,
				A351483E221DBBE6002BA1A4 /* Onboarding3ViewController.swift in Sources */,
				A36178F82224214A00B259C9 /* CommunitiesViewController.swift in Sources */,
				A3514840221DBBEF002BA1A4 /* Onboarding4ViewController.swift in Sources */,
			);
			runOnlyForDeploymentPostprocessing = 0;
		};
/* End PBXSourcesBuildPhase section */

/* Begin XCBuildConfiguration section */
		A32CAEE722148D9400B7269F /* Debug */ = {
			isa = XCBuildConfiguration;
			buildSettings = {
				ALWAYS_SEARCH_USER_PATHS = NO;
				CLANG_ANALYZER_NONNULL = YES;
				CLANG_ANALYZER_NUMBER_OBJECT_CONVERSION = YES_AGGRESSIVE;
				CLANG_CXX_LANGUAGE_STANDARD = "gnu++14";
				CLANG_CXX_LIBRARY = "libc++";
				CLANG_ENABLE_MODULES = YES;
				CLANG_ENABLE_OBJC_ARC = YES;
				CLANG_ENABLE_OBJC_WEAK = YES;
				CLANG_WARN_BLOCK_CAPTURE_AUTORELEASING = YES;
				CLANG_WARN_BOOL_CONVERSION = YES;
				CLANG_WARN_COMMA = YES;
				CLANG_WARN_CONSTANT_CONVERSION = YES;
				CLANG_WARN_DEPRECATED_OBJC_IMPLEMENTATIONS = YES;
				CLANG_WARN_DIRECT_OBJC_ISA_USAGE = YES_ERROR;
				CLANG_WARN_DOCUMENTATION_COMMENTS = YES;
				CLANG_WARN_EMPTY_BODY = YES;
				CLANG_WARN_ENUM_CONVERSION = YES;
				CLANG_WARN_INFINITE_RECURSION = YES;
				CLANG_WARN_INT_CONVERSION = YES;
				CLANG_WARN_NON_LITERAL_NULL_CONVERSION = YES;
				CLANG_WARN_OBJC_IMPLICIT_RETAIN_SELF = YES;
				CLANG_WARN_OBJC_LITERAL_CONVERSION = YES;
				CLANG_WARN_OBJC_ROOT_CLASS = YES_ERROR;
				CLANG_WARN_RANGE_LOOP_ANALYSIS = YES;
				CLANG_WARN_STRICT_PROTOTYPES = YES;
				CLANG_WARN_SUSPICIOUS_MOVE = YES;
				CLANG_WARN_UNGUARDED_AVAILABILITY = YES_AGGRESSIVE;
				CLANG_WARN_UNREACHABLE_CODE = YES;
				CLANG_WARN__DUPLICATE_METHOD_MATCH = YES;
				CODE_SIGN_IDENTITY = "iPhone Developer";
				COPY_PHASE_STRIP = NO;
				DEBUG_INFORMATION_FORMAT = dwarf;
				ENABLE_STRICT_OBJC_MSGSEND = YES;
				ENABLE_TESTABILITY = YES;
				GCC_C_LANGUAGE_STANDARD = gnu11;
				GCC_DYNAMIC_NO_PIC = NO;
				GCC_NO_COMMON_BLOCKS = YES;
				GCC_OPTIMIZATION_LEVEL = 0;
				GCC_PREPROCESSOR_DEFINITIONS = (
					"DEBUG=1",
					"$(inherited)",
				);
				GCC_WARN_64_TO_32_BIT_CONVERSION = YES;
				GCC_WARN_ABOUT_RETURN_TYPE = YES_ERROR;
				GCC_WARN_UNDECLARED_SELECTOR = YES;
				GCC_WARN_UNINITIALIZED_AUTOS = YES_AGGRESSIVE;
				GCC_WARN_UNUSED_FUNCTION = YES;
				GCC_WARN_UNUSED_VARIABLE = YES;
				IPHONEOS_DEPLOYMENT_TARGET = 12.0;
				MTL_ENABLE_DEBUG_INFO = INCLUDE_SOURCE;
				MTL_FAST_MATH = YES;
				ONLY_ACTIVE_ARCH = YES;
				SDKROOT = iphoneos;
				SWIFT_ACTIVE_COMPILATION_CONDITIONS = DEBUG;
				SWIFT_OPTIMIZATION_LEVEL = "-Onone";
			};
			name = Debug;
		};
		A32CAEE822148D9400B7269F /* Release */ = {
			isa = XCBuildConfiguration;
			buildSettings = {
				ALWAYS_SEARCH_USER_PATHS = NO;
				CLANG_ANALYZER_NONNULL = YES;
				CLANG_ANALYZER_NUMBER_OBJECT_CONVERSION = YES_AGGRESSIVE;
				CLANG_CXX_LANGUAGE_STANDARD = "gnu++14";
				CLANG_CXX_LIBRARY = "libc++";
				CLANG_ENABLE_MODULES = YES;
				CLANG_ENABLE_OBJC_ARC = YES;
				CLANG_ENABLE_OBJC_WEAK = YES;
				CLANG_WARN_BLOCK_CAPTURE_AUTORELEASING = YES;
				CLANG_WARN_BOOL_CONVERSION = YES;
				CLANG_WARN_COMMA = YES;
				CLANG_WARN_CONSTANT_CONVERSION = YES;
				CLANG_WARN_DEPRECATED_OBJC_IMPLEMENTATIONS = YES;
				CLANG_WARN_DIRECT_OBJC_ISA_USAGE = YES_ERROR;
				CLANG_WARN_DOCUMENTATION_COMMENTS = YES;
				CLANG_WARN_EMPTY_BODY = YES;
				CLANG_WARN_ENUM_CONVERSION = YES;
				CLANG_WARN_INFINITE_RECURSION = YES;
				CLANG_WARN_INT_CONVERSION = YES;
				CLANG_WARN_NON_LITERAL_NULL_CONVERSION = YES;
				CLANG_WARN_OBJC_IMPLICIT_RETAIN_SELF = YES;
				CLANG_WARN_OBJC_LITERAL_CONVERSION = YES;
				CLANG_WARN_OBJC_ROOT_CLASS = YES_ERROR;
				CLANG_WARN_RANGE_LOOP_ANALYSIS = YES;
				CLANG_WARN_STRICT_PROTOTYPES = YES;
				CLANG_WARN_SUSPICIOUS_MOVE = YES;
				CLANG_WARN_UNGUARDED_AVAILABILITY = YES_AGGRESSIVE;
				CLANG_WARN_UNREACHABLE_CODE = YES;
				CLANG_WARN__DUPLICATE_METHOD_MATCH = YES;
				CODE_SIGN_IDENTITY = "iPhone Developer";
				COPY_PHASE_STRIP = NO;
				DEBUG_INFORMATION_FORMAT = "dwarf-with-dsym";
				ENABLE_NS_ASSERTIONS = NO;
				ENABLE_STRICT_OBJC_MSGSEND = YES;
				GCC_C_LANGUAGE_STANDARD = gnu11;
				GCC_NO_COMMON_BLOCKS = YES;
				GCC_WARN_64_TO_32_BIT_CONVERSION = YES;
				GCC_WARN_ABOUT_RETURN_TYPE = YES_ERROR;
				GCC_WARN_UNDECLARED_SELECTOR = YES;
				GCC_WARN_UNINITIALIZED_AUTOS = YES_AGGRESSIVE;
				GCC_WARN_UNUSED_FUNCTION = YES;
				GCC_WARN_UNUSED_VARIABLE = YES;
				IPHONEOS_DEPLOYMENT_TARGET = 12.0;
				MTL_ENABLE_DEBUG_INFO = NO;
				MTL_FAST_MATH = YES;
				SDKROOT = iphoneos;
				SWIFT_COMPILATION_MODE = wholemodule;
				SWIFT_OPTIMIZATION_LEVEL = "-O";
				VALIDATE_PRODUCT = YES;
			};
			name = Release;
		};
		A32CAEEA22148D9400B7269F /* Debug */ = {
			isa = XCBuildConfiguration;
			baseConfigurationReference = 1923519CB64081F1E9663509 /* Pods-me.debug.xcconfig */;
			buildSettings = {
				ASSETCATALOG_COMPILER_APPICON_NAME = AppIcon;
				CLANG_ENABLE_MODULES = YES;
				CODE_SIGN_STYLE = Automatic;
				DEVELOPMENT_TEAM = 95F452WV2M;
				INFOPLIST_FILE = me/Info.plist;
				LD_RUNPATH_SEARCH_PATHS = (
					"$(inherited)",
					"@executable_path/Frameworks",
				);
				PRODUCT_BUNDLE_IDENTIFIER = com.jamiedevivo.me;
				PRODUCT_NAME = "$(TARGET_NAME)";
				SWIFT_OPTIMIZATION_LEVEL = "-Onone";
				SWIFT_VERSION = 4.2;
				TARGETED_DEVICE_FAMILY = "1,2";
			};
			name = Debug;
		};
		A32CAEEB22148D9400B7269F /* Release */ = {
			isa = XCBuildConfiguration;
			baseConfigurationReference = F8437A567AAAEE749A4689D0 /* Pods-me.release.xcconfig */;
			buildSettings = {
				ASSETCATALOG_COMPILER_APPICON_NAME = AppIcon;
				CLANG_ENABLE_MODULES = YES;
				CODE_SIGN_STYLE = Automatic;
				DEVELOPMENT_TEAM = 95F452WV2M;
				INFOPLIST_FILE = me/Info.plist;
				LD_RUNPATH_SEARCH_PATHS = (
					"$(inherited)",
					"@executable_path/Frameworks",
				);
				PRODUCT_BUNDLE_IDENTIFIER = com.jamiedevivo.me;
				PRODUCT_NAME = "$(TARGET_NAME)";
				SWIFT_VERSION = 4.2;
				TARGETED_DEVICE_FAMILY = "1,2";
			};
			name = Release;
		};
/* End XCBuildConfiguration section */

/* Begin XCConfigurationList section */
		A32CAED222148D9300B7269F /* Build configuration list for PBXProject "Me" */ = {
			isa = XCConfigurationList;
			buildConfigurations = (
				A32CAEE722148D9400B7269F /* Debug */,
				A32CAEE822148D9400B7269F /* Release */,
			);
			defaultConfigurationIsVisible = 0;
			defaultConfigurationName = Release;
		};
		A32CAEE922148D9400B7269F /* Build configuration list for PBXNativeTarget "me" */ = {
			isa = XCConfigurationList;
			buildConfigurations = (
				A32CAEEA22148D9400B7269F /* Debug */,
				A32CAEEB22148D9400B7269F /* Release */,
			);
			defaultConfigurationIsVisible = 0;
			defaultConfigurationName = Release;
		};
/* End XCConfigurationList section */
	};
	rootObject = A32CAECF22148D9300B7269F /* Project object */;
}
